# This file is automatically @generated by Cargo.
# It is not intended for manual editing.
version = 4

[[package]]
name = "autocfg"
version = "1.5.0"
source = "registry+https://github.com/rust-lang/crates.io-index"
checksum = "c08606f8c3cbf4ce6ec8e28fb0014a2c086708fe954eaa885384a6165172e7e8"

[[package]]
name = "bindings"
version = "0.1.0"
dependencies = [
 "codegen",
 "cranelift-entity",
 "frontend",
 "ir",
 "log",
 "opt",
 "paste",
 "smallvec",
]

[[package]]
name = "bitflags"
version = "2.10.0"
source = "registry+https://github.com/rust-lang/crates.io-index"
checksum = "812e12b5285cc515a9c72a5c1d3b6d46a19dac5acfef5265968c166106e31dd3"

[[package]]
name = "calendrical_calculations"
version = "0.2.2"
dependencies = [
 "core_maths",
 "displaydoc",
]

[[package]]
name = "codegen"
version = "0.1.0"
dependencies = [
 "bitflags",
 "cranelift-bitset",
 "cranelift-entity",
 "dominators",
 "entity-set",
 "fx-utils",
 "graphwalk",
 "hashbrown",
 "ir",
 "itertools",
 "log",
 "smallvec",
 "valmatch",
]

[[package]]
name = "core_maths"
version = "0.1.1"
source = "registry+https://github.com/rust-lang/crates.io-index"
checksum = "77745e017f5edba1a9c1d854f6f3a52dac8a12dd5af5d2f54aecf61e43d80d30"
dependencies = [
 "libm",
]

[[package]]
name = "cranelift-bitset"
version = "0.112.3"
source = "registry+https://github.com/rust-lang/crates.io-index"
checksum = "38da1eb6f7d8cdfa92f05acfae63c9a1d7a337e49ce7a2d0769c7fa03a2613a5"

[[package]]
name = "cranelift-entity"
version = "0.112.3"
source = "registry+https://github.com/rust-lang/crates.io-index"
checksum = "70b85ed43567e13782cd1b25baf42a8167ee57169a60dfd3d7307c6ca3839da0"
dependencies = [
 "cranelift-bitset",
]

[[package]]
name = "diplomat"
version = "0.12.0"
source = "registry+https://github.com/rust-lang/crates.io-index"
checksum = "ced081520ee8cf2b8c5b64a1a901eccd7030ece670dac274afe64607d6499b71"
dependencies = [
 "diplomat_core",
 "proc-macro2",
 "quote",
 "syn",
]

[[package]]
name = "diplomat-runtime"
version = "0.12.0"
source = "registry+https://github.com/rust-lang/crates.io-index"
checksum = "098f9520ec5c190943b083bca3ea4cc4e67dc5f85a37062e528ecf1d25f04eb4"

[[package]]
name = "diplomat_core"
version = "0.12.1"
source = "registry+https://github.com/rust-lang/crates.io-index"
checksum = "ad619d9fdee0e731bb6f8f7d797b6ecfdc2395e363f554d2f6377155955171eb"
dependencies = [
 "proc-macro2",
 "quote",
 "serde",
 "smallvec",
 "strck",
 "syn",
]

[[package]]
name = "displaydoc"
version = "0.2.5"
source = "registry+https://github.com/rust-lang/crates.io-index"
checksum = "97369cbbc041bc366949bc74d34658d6cda5621039731c6310521892a3a20ae0"
dependencies = [
 "proc-macro2",
 "quote",
 "syn",
]

[[package]]
name = "dominators"
version = "0.1.0"
dependencies = [
 "cranelift-entity",
 "fx-utils",
 "graphwalk",
 "smallvec",
]

[[package]]
name = "either"
version = "1.15.0"
source = "registry+https://github.com/rust-lang/crates.io-index"
checksum = "48c757948c5ede0e46177b7add2e67155f70e33c07fea8284df6576da70b3719"

[[package]]
name = "entity-set"
version = "0.1.0"
dependencies = [
 "cranelift-bitset",
 "cranelift-entity",
]

[[package]]
name = "fixed_decimal"
version = "0.7.0"
dependencies = [
 "displaydoc",
 "smallvec",
 "writeable",
]

[[package]]
name = "frontend"
version = "0.1.0"
dependencies = [
 "cranelift-entity",
 "fx-utils",
 "ir",
 "log",
]

[[package]]
name = "fx-utils"
version = "0.1.0"
dependencies = [
 "hashbrown",
 "rustc-hash",
]

[[package]]
name = "graphwalk"
version = "0.1.0"
dependencies = [
 "cranelift-entity",
 "entity-set",
]

[[package]]
name = "hashbrown"
version = "0.15.5"
source = "registry+https://github.com/rust-lang/crates.io-index"
checksum = "9229cfe53dfd69f0609a49f65461bd93001ea1ef889cd5529dd176593f5338a1"

[[package]]
name = "hexfloat2"
version = "0.1.3"
source = "git+https://github.com/ericseppanen/hexfloat2.git?rev=42baa1ffaf641163e2bc63a3fccacab2f3957860#42baa1ffaf641163e2bc63a3fccacab2f3957860"

[[package]]
name = "icu_calendar"
version = "2.0.5"
dependencies = [
 "calendrical_calculations",
 "displaydoc",
 "icu_calendar_data",
 "icu_locale",
 "icu_locale_core",
 "icu_provider",
 "ixdtf",
 "tinystr",
 "writeable",
 "zerovec",
]

[[package]]
name = "icu_calendar_data"
version = "2.0.0"

[[package]]
name = "icu_capi"
version = "2.0.2"
dependencies = [
 "diplomat",
 "diplomat-runtime",
 "icu_calendar",
 "icu_casemap",
 "icu_collator",
 "icu_datetime",
 "icu_decimal",
 "icu_experimental",
 "icu_list",
 "icu_locale",
 "icu_locale_core",
 "icu_normalizer",
 "icu_plurals",
 "icu_properties",
 "icu_provider",
 "icu_provider_adapters",
 "icu_segmenter",
 "icu_time",
 "potential_utf",
 "tinystr",
 "writeable",
 "zerovec",
]

[[package]]
name = "icu_casemap"
version = "2.0.0"
dependencies = [
 "displaydoc",
 "icu_casemap_data",
 "icu_collections",
 "icu_locale_core",
 "icu_properties",
 "icu_provider",
 "potential_utf",
 "writeable",
 "zerovec",
]

[[package]]
name = "icu_casemap_data"
version = "2.0.0"

[[package]]
name = "icu_collator"
version = "2.0.0"
dependencies = [
 "displaydoc",
 "icu_collator_data",
 "icu_collections",
 "icu_locale",
 "icu_locale_core",
 "icu_normalizer",
 "icu_properties",
 "icu_provider",
 "smallvec",
 "utf16_iter",
 "utf8_iter",
 "zerovec",
]

[[package]]
name = "icu_collator_data"
version = "2.0.0"

[[package]]
name = "icu_collections"
version = "2.0.0"
dependencies = [
 "displaydoc",
 "potential_utf",
 "yoke",
 "zerofrom",
 "zerovec",
]

[[package]]
name = "icu_datetime"
version = "2.0.0"
dependencies = [
 "displaydoc",
 "either",
 "fixed_decimal",
 "icu_calendar",
 "icu_datetime_data",
 "icu_decimal",
 "icu_locale",
 "icu_locale_core",
 "icu_pattern",
 "icu_plurals",
 "icu_provider",
 "icu_time",
 "potential_utf",
 "smallvec",
 "tinystr",
 "writeable",
 "zerovec",
]

[[package]]
name = "icu_datetime_data"
version = "2.0.1"

[[package]]
name = "icu_decimal"
version = "2.0.0"
dependencies = [
 "displaydoc",
 "fixed_decimal",
 "icu_decimal_data",
 "icu_locale",
 "icu_locale_core",
 "icu_provider",
 "tinystr",
 "writeable",
 "zerovec",
]

[[package]]
name = "icu_decimal_data"
version = "2.0.0"

[[package]]
name = "icu_experimental"
version = "0.3.0"
dependencies = [
 "displaydoc",
 "either",
 "fixed_decimal",
 "icu_casemap",
 "icu_collections",
 "icu_decimal",
 "icu_experimental_data",
 "icu_list",
 "icu_locale",
 "icu_locale_core",
 "icu_normalizer",
 "icu_pattern",
 "icu_plurals",
 "icu_properties",
 "icu_provider",
 "litemap",
 "num-bigint",
 "num-rational",
 "num-traits",
 "potential_utf",
 "smallvec",
 "tinystr",
 "writeable",
 "zerofrom",
 "zerotrie",
 "zerovec",
]

[[package]]
name = "icu_experimental_data"
version = "0.3.0"

[[package]]
name = "icu_list"
version = "2.0.0"
dependencies = [
 "displaydoc",
 "icu_list_data",
 "icu_locale",
 "icu_provider",
 "regex-automata",
 "writeable",
 "zerovec",
]

[[package]]
name = "icu_list_data"
version = "2.0.0"

[[package]]
name = "icu_locale"
version = "2.0.0"
dependencies = [
 "displaydoc",
 "icu_collections",
 "icu_locale_core",
 "icu_locale_data",
 "icu_provider",
 "potential_utf",
 "tinystr",
 "zerovec",
]

[[package]]
name = "icu_locale_core"
version = "2.0.0"
dependencies = [
 "displaydoc",
 "litemap",
 "tinystr",
 "writeable",
 "zerovec",
]

[[package]]
name = "icu_locale_data"
version = "2.0.0"

[[package]]
name = "icu_normalizer"
version = "2.0.0"
dependencies = [
 "displaydoc",
 "icu_collections",
 "icu_normalizer_data",
 "icu_properties",
 "icu_provider",
 "smallvec",
 "zerovec",
]

[[package]]
name = "icu_normalizer_data"
version = "2.0.0"

[[package]]
name = "icu_pattern"
version = "0.4.0"
dependencies = [
 "displaydoc",
 "either",
 "writeable",
 "yoke",
 "zerovec",
]

[[package]]
name = "icu_plurals"
version = "2.0.0"
dependencies = [
 "displaydoc",
 "fixed_decimal",
 "icu_locale",
 "icu_plurals_data",
 "icu_provider",
 "zerovec",
]

[[package]]
name = "icu_plurals_data"
version = "2.0.0"

[[package]]
name = "icu_properties"
version = "2.0.1"
dependencies = [
 "displaydoc",
 "icu_collections",
 "icu_locale_core",
 "icu_properties_data",
 "icu_provider",
 "potential_utf",
 "unicode-bidi",
 "zerotrie",
 "zerovec",
]

[[package]]
name = "icu_properties_data"
version = "2.0.1"

[[package]]
name = "icu_provider"
version = "2.0.0"
dependencies = [
 "displaydoc",
 "icu_locale_core",
 "stable_deref_trait",
 "tinystr",
 "writeable",
 "yoke",
 "zerofrom",
 "zerotrie",
 "zerovec",
]

[[package]]
name = "icu_provider_adapters"
version = "2.0.0"
dependencies = [
 "icu_locale",
 "icu_provider",
 "tinystr",
 "zerovec",
]

[[package]]
name = "icu_segmenter"
version = "2.0.0"
dependencies = [
 "core_maths",
 "displaydoc",
 "icu_collections",
 "icu_locale",
 "icu_locale_core",
 "icu_provider",
 "icu_segmenter_data",
 "potential_utf",
 "utf8_iter",
 "zerovec",
]

[[package]]
name = "icu_segmenter_data"
version = "2.0.0"

[[package]]
name = "icu_time"
version = "2.0.0"
dependencies = [
 "calendrical_calculations",
 "displaydoc",
 "icu_calendar",
 "icu_locale_core",
 "icu_provider",
 "icu_time_data",
 "ixdtf",
 "serde",
 "tinystr",
 "writeable",
 "zerotrie",
 "zerovec",
]

[[package]]
name = "icu_time_data"
version = "2.0.1"

[[package]]
name = "ir"
version = "0.1.0"
dependencies = [
 "cranelift-entity",
 "dominators",
 "entity-set",
 "fx-utils",
 "graphwalk",
 "hashbrown",
 "hexfloat2",
 "itertools",
 "log",
 "smallvec",
]

[[package]]
name = "itertools"
version = "0.13.0"
source = "registry+https://github.com/rust-lang/crates.io-index"
checksum = "413ee7dfc52ee1a4949ceeb7dbc8a33f2d6c088194d9f922fb8318faf1f01186"
dependencies = [
 "either",
]

[[package]]
name = "ixdtf"
version = "0.5.0"
dependencies = [
 "displaydoc",
]

[[package]]
name = "libm"
version = "0.2.15"
source = "registry+https://github.com/rust-lang/crates.io-index"
checksum = "f9fbbcab51052fe104eb5e5d351cf728d30a5be1fe14d9be8a3b097481fb97de"

[[package]]
name = "litemap"
version = "0.8.0"

[[package]]
name = "log"
version = "0.4.28"
source = "registry+https://github.com/rust-lang/crates.io-index"
checksum = "34080505efa8e45a4b816c349525ebe327ceaa8559756f0356cba97ef3bf7432"

[[package]]
name = "num-bigint"
version = "0.4.6"
source = "registry+https://github.com/rust-lang/crates.io-index"
checksum = "a5e44f723f1133c9deac646763579fdb3ac745e418f2a7af9cd0c431da1f20b9"
dependencies = [
 "num-integer",
 "num-traits",
]

[[package]]
name = "num-integer"
version = "0.1.46"
source = "registry+https://github.com/rust-lang/crates.io-index"
checksum = "7969661fd2958a5cb096e56c8e1ad0444ac2bbcd0061bd28660485a44879858f"
dependencies = [
 "num-traits",
]

[[package]]
name = "num-rational"
version = "0.4.2"
source = "registry+https://github.com/rust-lang/crates.io-index"
checksum = "f83d14da390562dca69fc84082e73e548e1ad308d24accdedd2720017cb37824"
dependencies = [
 "num-bigint",
 "num-integer",
 "num-traits",
]

[[package]]
name = "num-traits"
version = "0.2.19"
source = "registry+https://github.com/rust-lang/crates.io-index"
checksum = "071dfc062690e90b734c0b2273ce72ad0ffa95f0c74596bc250dcfd960262841"
dependencies = [
 "autocfg",
]

[[package]]
name = "opt"
version = "0.1.0"
dependencies = [
 "bitflags",
 "cranelift-entity",
 "entity-set",
 "fx-utils",
 "ir",
 "itertools",
 "log",
 "smallvec",
 "valmatch",
]

[[package]]
name = "paste"
version = "1.0.15"
source = "registry+https://github.com/rust-lang/crates.io-index"
checksum = "57c0d7b74b563b49d38dae00a0c37d4d6de9b432382b2892f0574ddcae73fd0a"

[[package]]
name = "potential_utf"
version = "0.1.2"
dependencies = [
 "serde",
 "writeable",
 "zerovec",
]

[[package]]
name = "proc-macro2"
version = "1.0.103"
source = "registry+https://github.com/rust-lang/crates.io-index"
checksum = "5ee95bc4ef87b8d5ba32e8b7714ccc834865276eab0aed5c9958d00ec45f49e8"
dependencies = [
 "unicode-ident",
]

[[package]]
name = "quote"
version = "1.0.41"
source = "registry+https://github.com/rust-lang/crates.io-index"
checksum = "ce25767e7b499d1b604768e7cde645d14cc8584231ea6b295e9c9eb22c02e1d1"
dependencies = [
 "proc-macro2",
]

[[package]]
name = "regex-automata"
version = "0.4.13"
source = "registry+https://github.com/rust-lang/crates.io-index"
checksum = "5276caf25ac86c8d810222b3dbb938e512c55c6831a10f3e6ed1c93b84041f1c"

[[package]]
name = "rustc-hash"
version = "2.1.1"
source = "registry+https://github.com/rust-lang/crates.io-index"
checksum = "357703d41365b4b27c590e3ed91eabb1b663f07c4c084095e60cbed4362dff0d"

[[package]]
name = "serde"
version = "1.0.228"
source = "registry+https://github.com/rust-lang/crates.io-index"
checksum = "9a8e94ea7f378bd32cbbd37198a4a91436180c5bb472411e48b5ec2e2124ae9e"
dependencies = [
 "serde_core",
 "serde_derive",
]

[[package]]
name = "serde_core"
version = "1.0.228"
source = "registry+https://github.com/rust-lang/crates.io-index"
checksum = "41d385c7d4ca58e59fc732af25c3983b67ac852c1a25000afe1175de458b67ad"
dependencies = [
 "serde_derive",
]

[[package]]
name = "serde_derive"
version = "1.0.228"
source = "registry+https://github.com/rust-lang/crates.io-index"
checksum = "d540f220d3187173da220f885ab66608367b6574e925011a9353e4badda91d79"
dependencies = [
 "proc-macro2",
 "quote",
 "syn",
]

[[package]]
name = "smallvec"
version = "1.15.1"
source = "registry+https://github.com/rust-lang/crates.io-index"
checksum = "67b1b7a3b5fe4f1376887184045fcf45c69e92af734b7aaddc05fb777b6fbd03"

[[package]]
name = "stable_deref_trait"
version = "1.2.1"
source = "registry+https://github.com/rust-lang/crates.io-index"
checksum = "6ce2be8dc25455e1f91df71bfa12ad37d7af1092ae736f3a6cd0e37bc7810596"

[[package]]
name = "strck"
version = "1.0.0"
source = "registry+https://github.com/rust-lang/crates.io-index"
checksum = "42316e70da376f3d113a68d138a60d8a9883c604fe97942721ec2068dab13a9f"
dependencies = [
 "unicode-ident",
]

[[package]]
name = "syn"
version = "2.0.108"
source = "registry+https://github.com/rust-lang/crates.io-index"
checksum = "da58917d35242480a05c2897064da0a80589a2a0476c9a3f2fdc83b53502e917"
dependencies = [
 "proc-macro2",
 "quote",
 "unicode-ident",
]

[[package]]
name = "synstructure"
version = "0.13.2"
source = "registry+https://github.com/rust-lang/crates.io-index"
checksum = "728a70f3dbaf5bab7f0c4b1ac8d7ae5ea60a4b5549c8a5914361c99147a709d2"
dependencies = [
 "proc-macro2",
 "quote",
 "syn",
]

[[package]]
name = "tdn-rust-libs"
version = "0.0.0"
dependencies = [
 "bindings",
 "icu_capi",
 "log",
]

[[package]]
name = "tinystr"
version = "0.8.1"
dependencies = [
 "displaydoc",
 "zerovec",
]

[[package]]
name = "unicode-bidi"
version = "0.3.18"
source = "registry+https://github.com/rust-lang/crates.io-index"
checksum = "5c1cb5db39152898a79168971543b1cb5020dff7fe43c8dc468b0885f5e29df5"

[[package]]
name = "unicode-ident"
version = "1.0.20"
source = "registry+https://github.com/rust-lang/crates.io-index"
checksum = "462eeb75aeb73aea900253ce739c8e18a67423fadf006037cd3ff27e82748a06"

[[package]]
name = "utf16_iter"
version = "1.0.5"
source = "registry+https://github.com/rust-lang/crates.io-index"
checksum = "c8232dd3cdaed5356e0f716d285e4b40b932ac434100fe9b7e0e8e935b9e6246"

[[package]]
name = "utf8_iter"
version = "1.0.4"
source = "registry+https://github.com/rust-lang/crates.io-index"
checksum = "b6c140620e7ffbb22c2dee59cafe6084a59b5ffc27a8859a5f0d494b5d52b6be"

[[package]]
name = "valmatch"
version = "0.1.0"
dependencies = [
 "proc-macro2",
 "quote",
 "syn",
]

[[package]]
name = "writeable"
version = "0.6.1"
dependencies = [
 "either",
]

[[package]]
name = "yoke"
version = "0.8.0"
dependencies = [
 "serde",
 "stable_deref_trait",
 "yoke-derive",
 "zerofrom",
]

[[package]]
name = "yoke-derive"
version = "0.8.0"
dependencies = [
 "proc-macro2",
 "quote",
 "syn",
 "synstructure",
]

[[package]]
name = "zerofrom"
version = "0.1.6"
dependencies = [
 "zerofrom-derive",
]

[[package]]
name = "zerofrom-derive"
version = "0.1.6"
dependencies = [
 "proc-macro2",
 "quote",
 "syn",
 "synstructure",
]

[[package]]
name = "zerotrie"
version = "0.2.2"
dependencies = [
 "displaydoc",
 "yoke",
 "zerofrom",
]

[[package]]
name = "zerovec"
version = "0.11.2"
dependencies = [
 "yoke",
 "zerofrom",
 "zerovec-derive",
]

[[package]]
name = "zerovec-derive"
version = "0.11.1"
dependencies = [
 "proc-macro2",
 "quote",
 "syn",
]
