
Microsoft Visual Studio Solution File, Format Version 12.00
# Visual Studio Version 17
VisualStudioVersion = 17.0.31903.59
MinimumVisualStudioVersion = 10.0.40219.1
Project("{2150E333-8FDC-42A3-9474-1A3956D46DE8}") = "JIT", "JIT", "{F58FD7AE-0E04-468A-B03B-AD970AAF41DB}"
EndProject
Project("{FAE04EC0-301F-11D3-BF4B-00C04F79EFBC}") = "Eq1", "JIT\CodeGenBringUpTests\Eq1.csproj", "{1995DC9D-E231-4E3C-9602-2FA5221EAAEB}"
EndProject
Project("{FAE04EC0-301F-11D3-BF4B-00C04F79EFBC}") = "Gcd", "JIT\CodeGenBringUpTests\Gcd.csproj", "{95301DA9-6CDD-4181-9758-83EFA1529E27}"
EndProject
Project("{FAE04EC0-301F-11D3-BF4B-00C04F79EFBC}") = "Ge1", "JIT\CodeGenBringUpTests\Ge1.csproj", "{2F8E6020-1303-42ED-8736-0A0120A43A8F}"
EndProject
Project("{FAE04EC0-301F-11D3-BF4B-00C04F79EFBC}") = "Gt1", "JIT\CodeGenBringUpTests\Gt1.csproj", "{4EB6597E-FE69-46B6-8534-B05A14F91BC2}"
EndProject
Project("{FAE04EC0-301F-11D3-BF4B-00C04F79EFBC}") = "Le1", "JIT\CodeGenBringUpTests\Le1.csproj", "{6B45B67A-5F85-40D6-BDE1-7C6CDDFC3DC0}"
EndProject
Project("{FAE04EC0-301F-11D3-BF4B-00C04F79EFBC}") = "Lt1", "JIT\CodeGenBringUpTests\Lt1.csproj", "{DE51B889-3A18-4346-A814-C049570F4BF4}"
EndProject
Project("{FAE04EC0-301F-11D3-BF4B-00C04F79EFBC}") = "Ne1", "JIT\CodeGenBringUpTests\Ne1.csproj", "{5B659D4A-7B00-47D3-A662-5EF7E5720B45}"
EndProject
Project("{FAE04EC0-301F-11D3-BF4B-00C04F79EFBC}") = "Or1", "JIT\CodeGenBringUpTests\Or1.csproj", "{C4D0473D-8D5C-4F0F-B4BF-E50326821849}"
EndProject
Project("{FAE04EC0-301F-11D3-BF4B-00C04F79EFBC}") = "Add1", "JIT\CodeGenBringUpTests\Add1.csproj", "{AE005D49-6448-4CA6-95BD-8298080BA233}"
EndProject
Project("{FAE04EC0-301F-11D3-BF4B-00C04F79EFBC}") = "And1", "JIT\CodeGenBringUpTests\And1.csproj", "{48390EDA-5CB3-4F44-A965-4FD8CBA0CD9A}"
EndProject
Project("{FAE04EC0-301F-11D3-BF4B-00C04F79EFBC}") = "div1", "JIT\CodeGenBringUpTests\div1.csproj", "{4AE4A6DD-154B-4AB6-B412-6884685C7357}"
EndProject
Project("{FAE04EC0-301F-11D3-BF4B-00C04F79EFBC}") = "Ind1", "JIT\CodeGenBringUpTests\Ind1.csproj", "{7E658224-6869-4938-A27E-B045A99F602D}"
EndProject
Project("{FAE04EC0-301F-11D3-BF4B-00C04F79EFBC}") = "Jmp1", "JIT\CodeGenBringUpTests\Jmp1.csproj", "{AB3570E4-25C2-48D9-96FD-EFE99BC1C2ED}"
EndProject
Project("{FAE04EC0-301F-11D3-BF4B-00C04F79EFBC}") = "mul1", "JIT\CodeGenBringUpTests\mul1.csproj", "{E0D2B432-7CA5-4145-A998-D8B3FBAD8652}"
EndProject
Project("{FAE04EC0-301F-11D3-BF4B-00C04F79EFBC}") = "mul2", "JIT\CodeGenBringUpTests\mul2.csproj", "{191EFEC5-7205-4BC8-BA45-D3B037C4AE55}"
EndProject
Project("{FAE04EC0-301F-11D3-BF4B-00C04F79EFBC}") = "mul3", "JIT\CodeGenBringUpTests\mul3.csproj", "{F21ED7EA-E5F1-4136-B6B2-9AC0F41D2B5F}"
EndProject
Project("{FAE04EC0-301F-11D3-BF4B-00C04F79EFBC}") = "mul4", "JIT\CodeGenBringUpTests\mul4.csproj", "{44E2735A-AB5F-49ED-AA01-FEEEC27E885A}"
EndProject
Project("{FAE04EC0-301F-11D3-BF4B-00C04F79EFBC}") = "rem1", "JIT\CodeGenBringUpTests\rem1.csproj", "{2B5D76C9-CEB8-4332-A2B6-C0AC739105E1}"
EndProject
Project("{FAE04EC0-301F-11D3-BF4B-00C04F79EFBC}") = "Sub1", "JIT\CodeGenBringUpTests\Sub1.csproj", "{1C244C10-8C00-4CC5-A9A4-B8478A3D06D2}"
EndProject
Project("{FAE04EC0-301F-11D3-BF4B-00C04F79EFBC}") = "Swap", "JIT\CodeGenBringUpTests\Swap.csproj", "{0C78D9B7-AA43-4B3A-AA87-660599A45AD9}"
EndProject
Project("{FAE04EC0-301F-11D3-BF4B-00C04F79EFBC}") = "Xor1", "JIT\CodeGenBringUpTests\Xor1.csproj", "{19339BAC-3BAD-4E75-9173-0A1EF02E39DD}"
EndProject
Project("{FAE04EC0-301F-11D3-BF4B-00C04F79EFBC}") = "Args4", "JIT\CodeGenBringUpTests\Args4.csproj", "{527BA9E2-8BF3-4C35-B96C-C633F29FF16F}"
EndProject
Project("{FAE04EC0-301F-11D3-BF4B-00C04F79EFBC}") = "Args5", "JIT\CodeGenBringUpTests\Args5.csproj", "{6D34CE33-B34B-428E-9B69-BD6B897BC4D7}"
EndProject
Project("{FAE04EC0-301F-11D3-BF4B-00C04F79EFBC}") = "Call1", "JIT\CodeGenBringUpTests\Call1.csproj", "{15ED97AE-1DF4-431A-B150-6D37E7C3603A}"
EndProject
Project("{FAE04EC0-301F-11D3-BF4B-00C04F79EFBC}") = "OrRef", "JIT\CodeGenBringUpTests\OrRef.csproj", "{FAA2E30C-7538-4AC2-8983-1979264B22F5}"
EndProject
Project("{FAE04EC0-301F-11D3-BF4B-00C04F79EFBC}") = "Shift", "JIT\CodeGenBringUpTests\Shift.csproj", "{08E612D1-5271-40F0-AB52-A2D7A1D95B4D}"
EndProject
Project("{FAE04EC0-301F-11D3-BF4B-00C04F79EFBC}") = "Unbox", "JIT\CodeGenBringUpTests\Unbox.csproj", "{1F857EA9-45C0-4CE2-8CFD-C16ED5704B32}"
EndProject
Project("{FAE04EC0-301F-11D3-BF4B-00C04F79EFBC}") = "addref", "JIT\CodeGenBringUpTests\addref.csproj", "{30C15CA9-7FFE-43C3-8097-687CB949C633}"
EndProject
Project("{FAE04EC0-301F-11D3-BF4B-00C04F79EFBC}") = "AndRef", "JIT\CodeGenBringUpTests\AndRef.csproj", "{5852D087-24A7-4BA3-8E96-7242E85B3D00}"
EndProject
Project("{FAE04EC0-301F-11D3-BF4B-00C04F79EFBC}") = "Array1", "JIT\CodeGenBringUpTests\Array1.csproj", "{AC435CF2-037B-4AE3-A261-7AA51B08B049}"
EndProject
Project("{FAE04EC0-301F-11D3-BF4B-00C04F79EFBC}") = "Array2", "JIT\CodeGenBringUpTests\Array2.csproj", "{E1CED450-CF00-4D60-A147-87616BF1A574}"
EndProject
Project("{FAE04EC0-301F-11D3-BF4B-00C04F79EFBC}") = "Array3", "JIT\CodeGenBringUpTests\Array3.csproj", "{32EBFB28-4B3B-4A9E-A8D1-C6C8EDAD798A}"
EndProject
Project("{FAE04EC0-301F-11D3-BF4B-00C04F79EFBC}") = "Array4", "JIT\CodeGenBringUpTests\Array4.csproj", "{F1617127-844B-4B32-8F0F-0899C72FCB95}"
EndProject
Project("{FAE04EC0-301F-11D3-BF4B-00C04F79EFBC}") = "AsgOr1", "JIT\CodeGenBringUpTests\AsgOr1.csproj", "{101410BE-20A2-4671-B6AA-7164A2536D15}"
EndProject
Project("{FAE04EC0-301F-11D3-BF4B-00C04F79EFBC}") = "divref", "JIT\CodeGenBringUpTests\divref.csproj", "{6D79C6F8-B5D8-4B4A-BA4B-5C2CED74AEB3}"
EndProject
Project("{FAE04EC0-301F-11D3-BF4B-00C04F79EFBC}") = "JTrue1", "JIT\CodeGenBringUpTests\JTrue1.csproj", "{5F0A30BB-CA58-496C-A7FD-9243517C1C96}"
EndProject
Project("{FAE04EC0-301F-11D3-BF4B-00C04F79EFBC}") = "NegRMW", "JIT\CodeGenBringUpTests\NegRMW.csproj", "{8D65D5DF-9E41-4FBB-912E-659B0700B35B}"
EndProject
Project("{FAE04EC0-301F-11D3-BF4B-00C04F79EFBC}") = "NotRMW", "JIT\CodeGenBringUpTests\NotRMW.csproj", "{A77D615C-0CCE-4461-84D6-29C61B06A216}"
EndProject
Project("{FAE04EC0-301F-11D3-BF4B-00C04F79EFBC}") = "Rotate", "JIT\CodeGenBringUpTests\Rotate.csproj", "{E0375FED-B4EA-4A63-A1B0-4784C1632B87}"
EndProject
Project("{FAE04EC0-301F-11D3-BF4B-00C04F79EFBC}") = "SubRef", "JIT\CodeGenBringUpTests\SubRef.csproj", "{501C1D24-0F20-447F-9FE4-B71985FC37A7}"
EndProject
Project("{FAE04EC0-301F-11D3-BF4B-00C04F79EFBC}") = "Switch", "JIT\CodeGenBringUpTests\Switch.csproj", "{77F857AC-3A37-42C7-8C59-C44156B326C6}"
EndProject
Project("{FAE04EC0-301F-11D3-BF4B-00C04F79EFBC}") = "XorRef", "JIT\CodeGenBringUpTests\XorRef.csproj", "{A1209E97-C405-425D-BF31-E2D042BC2940}"
EndProject
Project("{2150E333-8FDC-42A3-9474-1A3956D46DE8}") = "Directed", "Directed", "{7BA8FBD5-F68B-48A3-8283-BD9BD2458773}"
EndProject
Project("{FAE04EC0-301F-11D3-BF4B-00C04F79EFBC}") = "BitTest", "JIT\Directed\BitTest\BitTest.csproj", "{8D28E19C-8D1C-4FF2-8EAC-9E834E136DEF}"
EndProject
Project("{FAE04EC0-301F-11D3-BF4B-00C04F79EFBC}") = "Int_No_Op", "JIT\Directed\cmov\Int_No_Op.csproj", "{34FEE7B7-8EF7-479B-AFE2-F835D4CEB962}"
EndProject
Project("{FAE04EC0-301F-11D3-BF4B-00C04F79EFBC}") = "Int_Or_Op", "JIT\Directed\cmov\Int_Or_Op.csproj", "{BD8D566D-C210-4776-B697-BFE800722671}"
EndProject
Project("{FAE04EC0-301F-11D3-BF4B-00C04F79EFBC}") = "Bool_No_Op", "JIT\Directed\cmov\Bool_No_Op.csproj", "{1B7DBB89-3D80-4D2C-B59E-713BC5DF4F81}"
EndProject
Project("{FAE04EC0-301F-11D3-BF4B-00C04F79EFBC}") = "Bool_Or_Op", "JIT\Directed\cmov\Bool_Or_Op.csproj", "{F0987ED7-FB9C-4516-B2F0-E50647FF831F}"
EndProject
Project("{FAE04EC0-301F-11D3-BF4B-00C04F79EFBC}") = "Int_And_Op", "JIT\Directed\cmov\Int_And_Op.csproj", "{A6CB9278-C808-4EF0-9A2D-50A70F6D6937}"
EndProject
Project("{FAE04EC0-301F-11D3-BF4B-00C04F79EFBC}") = "Int_Xor_Op", "JIT\Directed\cmov\Int_Xor_Op.csproj", "{7C7D7CCB-83A5-48D3-993C-5D1CAB38A06C}"
EndProject
Project("{FAE04EC0-301F-11D3-BF4B-00C04F79EFBC}") = "Bool_And_Op", "JIT\Directed\cmov\Bool_And_Op.csproj", "{728EC4B9-D790-47FC-8F12-90469A3C43F1}"
EndProject
Project("{FAE04EC0-301F-11D3-BF4B-00C04F79EFBC}") = "Bool_Xor_Op", "JIT\Directed\cmov\Bool_Xor_Op.csproj", "{80376089-187A-4F7C-8B7B-1AA73A498056}"
EndProject
Global
	GlobalSection(SolutionConfigurationPlatforms) = preSolution
		Debug|Any CPU = Debug|Any CPU
		Release|Any CPU = Release|Any CPU
	EndGlobalSection
	GlobalSection(SolutionProperties) = preSolution
		HideSolutionNode = FALSE
	EndGlobalSection
	GlobalSection(ProjectConfigurationPlatforms) = postSolution
		{1995DC9D-E231-4E3C-9602-2FA5221EAAEB}.Debug|Any CPU.ActiveCfg = Debug|Any CPU
		{1995DC9D-E231-4E3C-9602-2FA5221EAAEB}.Debug|Any CPU.Build.0 = Debug|Any CPU
		{1995DC9D-E231-4E3C-9602-2FA5221EAAEB}.Release|Any CPU.ActiveCfg = Release|Any CPU
		{1995DC9D-E231-4E3C-9602-2FA5221EAAEB}.Release|Any CPU.Build.0 = Release|Any CPU
		{95301DA9-6CDD-4181-9758-83EFA1529E27}.Debug|Any CPU.ActiveCfg = Debug|Any CPU
		{95301DA9-6CDD-4181-9758-83EFA1529E27}.Debug|Any CPU.Build.0 = Debug|Any CPU
		{95301DA9-6CDD-4181-9758-83EFA1529E27}.Release|Any CPU.ActiveCfg = Release|Any CPU
		{95301DA9-6CDD-4181-9758-83EFA1529E27}.Release|Any CPU.Build.0 = Release|Any CPU
		{2F8E6020-1303-42ED-8736-0A0120A43A8F}.Debug|Any CPU.ActiveCfg = Debug|Any CPU
		{2F8E6020-1303-42ED-8736-0A0120A43A8F}.Debug|Any CPU.Build.0 = Debug|Any CPU
		{2F8E6020-1303-42ED-8736-0A0120A43A8F}.Release|Any CPU.ActiveCfg = Release|Any CPU
		{2F8E6020-1303-42ED-8736-0A0120A43A8F}.Release|Any CPU.Build.0 = Release|Any CPU
		{4EB6597E-FE69-46B6-8534-B05A14F91BC2}.Debug|Any CPU.ActiveCfg = Debug|Any CPU
		{4EB6597E-FE69-46B6-8534-B05A14F91BC2}.Debug|Any CPU.Build.0 = Debug|Any CPU
		{4EB6597E-FE69-46B6-8534-B05A14F91BC2}.Release|Any CPU.ActiveCfg = Release|Any CPU
		{4EB6597E-FE69-46B6-8534-B05A14F91BC2}.Release|Any CPU.Build.0 = Release|Any CPU
		{6B45B67A-5F85-40D6-BDE1-7C6CDDFC3DC0}.Debug|Any CPU.ActiveCfg = Debug|Any CPU
		{6B45B67A-5F85-40D6-BDE1-7C6CDDFC3DC0}.Debug|Any CPU.Build.0 = Debug|Any CPU
		{6B45B67A-5F85-40D6-BDE1-7C6CDDFC3DC0}.Release|Any CPU.ActiveCfg = Release|Any CPU
		{6B45B67A-5F85-40D6-BDE1-7C6CDDFC3DC0}.Release|Any CPU.Build.0 = Release|Any CPU
		{DE51B889-3A18-4346-A814-C049570F4BF4}.Debug|Any CPU.ActiveCfg = Debug|Any CPU
		{DE51B889-3A18-4346-A814-C049570F4BF4}.Debug|Any CPU.Build.0 = Debug|Any CPU
		{DE51B889-3A18-4346-A814-C049570F4BF4}.Release|Any CPU.ActiveCfg = Release|Any CPU
		{DE51B889-3A18-4346-A814-C049570F4BF4}.Release|Any CPU.Build.0 = Release|Any CPU
		{5B659D4A-7B00-47D3-A662-5EF7E5720B45}.Debug|Any CPU.ActiveCfg = Debug|Any CPU
		{5B659D4A-7B00-47D3-A662-5EF7E5720B45}.Debug|Any CPU.Build.0 = Debug|Any CPU
		{5B659D4A-7B00-47D3-A662-5EF7E5720B45}.Release|Any CPU.ActiveCfg = Release|Any CPU
		{5B659D4A-7B00-47D3-A662-5EF7E5720B45}.Release|Any CPU.Build.0 = Release|Any CPU
		{C4D0473D-8D5C-4F0F-B4BF-E50326821849}.Debug|Any CPU.ActiveCfg = Debug|Any CPU
		{C4D0473D-8D5C-4F0F-B4BF-E50326821849}.Debug|Any CPU.Build.0 = Debug|Any CPU
		{C4D0473D-8D5C-4F0F-B4BF-E50326821849}.Release|Any CPU.ActiveCfg = Release|Any CPU
		{C4D0473D-8D5C-4F0F-B4BF-E50326821849}.Release|Any CPU.Build.0 = Release|Any CPU
		{AE005D49-6448-4CA6-95BD-8298080BA233}.Debug|Any CPU.ActiveCfg = Debug|Any CPU
		{AE005D49-6448-4CA6-95BD-8298080BA233}.Debug|Any CPU.Build.0 = Debug|Any CPU
		{AE005D49-6448-4CA6-95BD-8298080BA233}.Release|Any CPU.ActiveCfg = Release|Any CPU
		{AE005D49-6448-4CA6-95BD-8298080BA233}.Release|Any CPU.Build.0 = Release|Any CPU
		{48390EDA-5CB3-4F44-A965-4FD8CBA0CD9A}.Debug|Any CPU.ActiveCfg = Debug|Any CPU
		{48390EDA-5CB3-4F44-A965-4FD8CBA0CD9A}.Debug|Any CPU.Build.0 = Debug|Any CPU
		{48390EDA-5CB3-4F44-A965-4FD8CBA0CD9A}.Release|Any CPU.ActiveCfg = Release|Any CPU
		{48390EDA-5CB3-4F44-A965-4FD8CBA0CD9A}.Release|Any CPU.Build.0 = Release|Any CPU
		{4AE4A6DD-154B-4AB6-B412-6884685C7357}.Debug|Any CPU.ActiveCfg = Debug|Any CPU
		{4AE4A6DD-154B-4AB6-B412-6884685C7357}.Debug|Any CPU.Build.0 = Debug|Any CPU
		{4AE4A6DD-154B-4AB6-B412-6884685C7357}.Release|Any CPU.ActiveCfg = Release|Any CPU
		{4AE4A6DD-154B-4AB6-B412-6884685C7357}.Release|Any CPU.Build.0 = Release|Any CPU
		{7E658224-6869-4938-A27E-B045A99F602D}.Debug|Any CPU.ActiveCfg = Debug|Any CPU
		{7E658224-6869-4938-A27E-B045A99F602D}.Debug|Any CPU.Build.0 = Debug|Any CPU
		{7E658224-6869-4938-A27E-B045A99F602D}.Release|Any CPU.ActiveCfg = Release|Any CPU
		{7E658224-6869-4938-A27E-B045A99F602D}.Release|Any CPU.Build.0 = Release|Any CPU
		{AB3570E4-25C2-48D9-96FD-EFE99BC1C2ED}.Debug|Any CPU.ActiveCfg = Debug|Any CPU
		{AB3570E4-25C2-48D9-96FD-EFE99BC1C2ED}.Debug|Any CPU.Build.0 = Debug|Any CPU
		{AB3570E4-25C2-48D9-96FD-EFE99BC1C2ED}.Release|Any CPU.ActiveCfg = Release|Any CPU
		{AB3570E4-25C2-48D9-96FD-EFE99BC1C2ED}.Release|Any CPU.Build.0 = Release|Any CPU
		{E0D2B432-7CA5-4145-A998-D8B3FBAD8652}.Debug|Any CPU.ActiveCfg = Debug|Any CPU
		{E0D2B432-7CA5-4145-A998-D8B3FBAD8652}.Debug|Any CPU.Build.0 = Debug|Any CPU
		{E0D2B432-7CA5-4145-A998-D8B3FBAD8652}.Release|Any CPU.ActiveCfg = Release|Any CPU
		{E0D2B432-7CA5-4145-A998-D8B3FBAD8652}.Release|Any CPU.Build.0 = Release|Any CPU
		{191EFEC5-7205-4BC8-BA45-D3B037C4AE55}.Debug|Any CPU.ActiveCfg = Debug|Any CPU
		{191EFEC5-7205-4BC8-BA45-D3B037C4AE55}.Debug|Any CPU.Build.0 = Debug|Any CPU
		{191EFEC5-7205-4BC8-BA45-D3B037C4AE55}.Release|Any CPU.ActiveCfg = Release|Any CPU
		{191EFEC5-7205-4BC8-BA45-D3B037C4AE55}.Release|Any CPU.Build.0 = Release|Any CPU
		{F21ED7EA-E5F1-4136-B6B2-9AC0F41D2B5F}.Debug|Any CPU.ActiveCfg = Debug|Any CPU
		{F21ED7EA-E5F1-4136-B6B2-9AC0F41D2B5F}.Debug|Any CPU.Build.0 = Debug|Any CPU
		{F21ED7EA-E5F1-4136-B6B2-9AC0F41D2B5F}.Release|Any CPU.ActiveCfg = Release|Any CPU
		{F21ED7EA-E5F1-4136-B6B2-9AC0F41D2B5F}.Release|Any CPU.Build.0 = Release|Any CPU
		{44E2735A-AB5F-49ED-AA01-FEEEC27E885A}.Debug|Any CPU.ActiveCfg = Debug|Any CPU
		{44E2735A-AB5F-49ED-AA01-FEEEC27E885A}.Debug|Any CPU.Build.0 = Debug|Any CPU
		{44E2735A-AB5F-49ED-AA01-FEEEC27E885A}.Release|Any CPU.ActiveCfg = Release|Any CPU
		{44E2735A-AB5F-49ED-AA01-FEEEC27E885A}.Release|Any CPU.Build.0 = Release|Any CPU
		{2B5D76C9-CEB8-4332-A2B6-C0AC739105E1}.Debug|Any CPU.ActiveCfg = Debug|Any CPU
		{2B5D76C9-CEB8-4332-A2B6-C0AC739105E1}.Debug|Any CPU.Build.0 = Debug|Any CPU
		{2B5D76C9-CEB8-4332-A2B6-C0AC739105E1}.Release|Any CPU.ActiveCfg = Release|Any CPU
		{2B5D76C9-CEB8-4332-A2B6-C0AC739105E1}.Release|Any CPU.Build.0 = Release|Any CPU
		{1C244C10-8C00-4CC5-A9A4-B8478A3D06D2}.Debug|Any CPU.ActiveCfg = Debug|Any CPU
		{1C244C10-8C00-4CC5-A9A4-B8478A3D06D2}.Debug|Any CPU.Build.0 = Debug|Any CPU
		{1C244C10-8C00-4CC5-A9A4-B8478A3D06D2}.Release|Any CPU.ActiveCfg = Release|Any CPU
		{1C244C10-8C00-4CC5-A9A4-B8478A3D06D2}.Release|Any CPU.Build.0 = Release|Any CPU
		{0C78D9B7-AA43-4B3A-AA87-660599A45AD9}.Debug|Any CPU.ActiveCfg = Debug|Any CPU
		{0C78D9B7-AA43-4B3A-AA87-660599A45AD9}.Debug|Any CPU.Build.0 = Debug|Any CPU
		{0C78D9B7-AA43-4B3A-AA87-660599A45AD9}.Release|Any CPU.ActiveCfg = Release|Any CPU
		{0C78D9B7-AA43-4B3A-AA87-660599A45AD9}.Release|Any CPU.Build.0 = Release|Any CPU
		{19339BAC-3BAD-4E75-9173-0A1EF02E39DD}.Debug|Any CPU.ActiveCfg = Debug|Any CPU
		{19339BAC-3BAD-4E75-9173-0A1EF02E39DD}.Debug|Any CPU.Build.0 = Debug|Any CPU
		{19339BAC-3BAD-4E75-9173-0A1EF02E39DD}.Release|Any CPU.ActiveCfg = Release|Any CPU
		{19339BAC-3BAD-4E75-9173-0A1EF02E39DD}.Release|Any CPU.Build.0 = Release|Any CPU
		{527BA9E2-8BF3-4C35-B96C-C633F29FF16F}.Debug|Any CPU.ActiveCfg = Debug|Any CPU
		{527BA9E2-8BF3-4C35-B96C-C633F29FF16F}.Debug|Any CPU.Build.0 = Debug|Any CPU
		{527BA9E2-8BF3-4C35-B96C-C633F29FF16F}.Release|Any CPU.ActiveCfg = Release|Any CPU
		{527BA9E2-8BF3-4C35-B96C-C633F29FF16F}.Release|Any CPU.Build.0 = Release|Any CPU
		{6D34CE33-B34B-428E-9B69-BD6B897BC4D7}.Debug|Any CPU.ActiveCfg = Debug|Any CPU
		{6D34CE33-B34B-428E-9B69-BD6B897BC4D7}.Debug|Any CPU.Build.0 = Debug|Any CPU
		{6D34CE33-B34B-428E-9B69-BD6B897BC4D7}.Release|Any CPU.ActiveCfg = Release|Any CPU
		{6D34CE33-B34B-428E-9B69-BD6B897BC4D7}.Release|Any CPU.Build.0 = Release|Any CPU
		{15ED97AE-1DF4-431A-B150-6D37E7C3603A}.Debug|Any CPU.ActiveCfg = Debug|Any CPU
		{15ED97AE-1DF4-431A-B150-6D37E7C3603A}.Debug|Any CPU.Build.0 = Debug|Any CPU
		{15ED97AE-1DF4-431A-B150-6D37E7C3603A}.Release|Any CPU.ActiveCfg = Release|Any CPU
		{15ED97AE-1DF4-431A-B150-6D37E7C3603A}.Release|Any CPU.Build.0 = Release|Any CPU
		{FAA2E30C-7538-4AC2-8983-1979264B22F5}.Debug|Any CPU.ActiveCfg = Debug|Any CPU
		{FAA2E30C-7538-4AC2-8983-1979264B22F5}.Debug|Any CPU.Build.0 = Debug|Any CPU
		{FAA2E30C-7538-4AC2-8983-1979264B22F5}.Release|Any CPU.ActiveCfg = Release|Any CPU
		{FAA2E30C-7538-4AC2-8983-1979264B22F5}.Release|Any CPU.Build.0 = Release|Any CPU
		{08E612D1-5271-40F0-AB52-A2D7A1D95B4D}.Debug|Any CPU.ActiveCfg = Debug|Any CPU
		{08E612D1-5271-40F0-AB52-A2D7A1D95B4D}.Debug|Any CPU.Build.0 = Debug|Any CPU
		{08E612D1-5271-40F0-AB52-A2D7A1D95B4D}.Release|Any CPU.ActiveCfg = Release|Any CPU
		{08E612D1-5271-40F0-AB52-A2D7A1D95B4D}.Release|Any CPU.Build.0 = Release|Any CPU
		{1F857EA9-45C0-4CE2-8CFD-C16ED5704B32}.Debug|Any CPU.ActiveCfg = Debug|Any CPU
		{1F857EA9-45C0-4CE2-8CFD-C16ED5704B32}.Debug|Any CPU.Build.0 = Debug|Any CPU
		{1F857EA9-45C0-4CE2-8CFD-C16ED5704B32}.Release|Any CPU.ActiveCfg = Release|Any CPU
		{1F857EA9-45C0-4CE2-8CFD-C16ED5704B32}.Release|Any CPU.Build.0 = Release|Any CPU
		{30C15CA9-7FFE-43C3-8097-687CB949C633}.Debug|Any CPU.ActiveCfg = Debug|Any CPU
		{30C15CA9-7FFE-43C3-8097-687CB949C633}.Debug|Any CPU.Build.0 = Debug|Any CPU
		{30C15CA9-7FFE-43C3-8097-687CB949C633}.Release|Any CPU.ActiveCfg = Release|Any CPU
		{30C15CA9-7FFE-43C3-8097-687CB949C633}.Release|Any CPU.Build.0 = Release|Any CPU
		{5852D087-24A7-4BA3-8E96-7242E85B3D00}.Debug|Any CPU.ActiveCfg = Debug|Any CPU
		{5852D087-24A7-4BA3-8E96-7242E85B3D00}.Debug|Any CPU.Build.0 = Debug|Any CPU
		{5852D087-24A7-4BA3-8E96-7242E85B3D00}.Release|Any CPU.ActiveCfg = Release|Any CPU
		{5852D087-24A7-4BA3-8E96-7242E85B3D00}.Release|Any CPU.Build.0 = Release|Any CPU
		{AC435CF2-037B-4AE3-A261-7AA51B08B049}.Debug|Any CPU.ActiveCfg = Debug|Any CPU
		{AC435CF2-037B-4AE3-A261-7AA51B08B049}.Debug|Any CPU.Build.0 = Debug|Any CPU
		{AC435CF2-037B-4AE3-A261-7AA51B08B049}.Release|Any CPU.ActiveCfg = Release|Any CPU
		{AC435CF2-037B-4AE3-A261-7AA51B08B049}.Release|Any CPU.Build.0 = Release|Any CPU
		{E1CED450-CF00-4D60-A147-87616BF1A574}.Debug|Any CPU.ActiveCfg = Debug|Any CPU
		{E1CED450-CF00-4D60-A147-87616BF1A574}.Debug|Any CPU.Build.0 = Debug|Any CPU
		{E1CED450-CF00-4D60-A147-87616BF1A574}.Release|Any CPU.ActiveCfg = Release|Any CPU
		{E1CED450-CF00-4D60-A147-87616BF1A574}.Release|Any CPU.Build.0 = Release|Any CPU
		{32EBFB28-4B3B-4A9E-A8D1-C6C8EDAD798A}.Debug|Any CPU.ActiveCfg = Debug|Any CPU
		{32EBFB28-4B3B-4A9E-A8D1-C6C8EDAD798A}.Debug|Any CPU.Build.0 = Debug|Any CPU
		{32EBFB28-4B3B-4A9E-A8D1-C6C8EDAD798A}.Release|Any CPU.ActiveCfg = Release|Any CPU
		{32EBFB28-4B3B-4A9E-A8D1-C6C8EDAD798A}.Release|Any CPU.Build.0 = Release|Any CPU
		{F1617127-844B-4B32-8F0F-0899C72FCB95}.Debug|Any CPU.ActiveCfg = Debug|Any CPU
		{F1617127-844B-4B32-8F0F-0899C72FCB95}.Debug|Any CPU.Build.0 = Debug|Any CPU
		{F1617127-844B-4B32-8F0F-0899C72FCB95}.Release|Any CPU.ActiveCfg = Release|Any CPU
		{F1617127-844B-4B32-8F0F-0899C72FCB95}.Release|Any CPU.Build.0 = Release|Any CPU
		{101410BE-20A2-4671-B6AA-7164A2536D15}.Debug|Any CPU.ActiveCfg = Debug|Any CPU
		{101410BE-20A2-4671-B6AA-7164A2536D15}.Debug|Any CPU.Build.0 = Debug|Any CPU
		{101410BE-20A2-4671-B6AA-7164A2536D15}.Release|Any CPU.ActiveCfg = Release|Any CPU
		{101410BE-20A2-4671-B6AA-7164A2536D15}.Release|Any CPU.Build.0 = Release|Any CPU
		{6D79C6F8-B5D8-4B4A-BA4B-5C2CED74AEB3}.Debug|Any CPU.ActiveCfg = Debug|Any CPU
		{6D79C6F8-B5D8-4B4A-BA4B-5C2CED74AEB3}.Debug|Any CPU.Build.0 = Debug|Any CPU
		{6D79C6F8-B5D8-4B4A-BA4B-5C2CED74AEB3}.Release|Any CPU.ActiveCfg = Release|Any CPU
		{6D79C6F8-B5D8-4B4A-BA4B-5C2CED74AEB3}.Release|Any CPU.Build.0 = Release|Any CPU
		{5F0A30BB-CA58-496C-A7FD-9243517C1C96}.Debug|Any CPU.ActiveCfg = Debug|Any CPU
		{5F0A30BB-CA58-496C-A7FD-9243517C1C96}.Debug|Any CPU.Build.0 = Debug|Any CPU
		{5F0A30BB-CA58-496C-A7FD-9243517C1C96}.Release|Any CPU.ActiveCfg = Release|Any CPU
		{5F0A30BB-CA58-496C-A7FD-9243517C1C96}.Release|Any CPU.Build.0 = Release|Any CPU
		{8D65D5DF-9E41-4FBB-912E-659B0700B35B}.Debug|Any CPU.ActiveCfg = Debug|Any CPU
		{8D65D5DF-9E41-4FBB-912E-659B0700B35B}.Debug|Any CPU.Build.0 = Debug|Any CPU
		{8D65D5DF-9E41-4FBB-912E-659B0700B35B}.Release|Any CPU.ActiveCfg = Release|Any CPU
		{8D65D5DF-9E41-4FBB-912E-659B0700B35B}.Release|Any CPU.Build.0 = Release|Any CPU
		{A77D615C-0CCE-4461-84D6-29C61B06A216}.Debug|Any CPU.ActiveCfg = Debug|Any CPU
		{A77D615C-0CCE-4461-84D6-29C61B06A216}.Debug|Any CPU.Build.0 = Debug|Any CPU
		{A77D615C-0CCE-4461-84D6-29C61B06A216}.Release|Any CPU.ActiveCfg = Release|Any CPU
		{A77D615C-0CCE-4461-84D6-29C61B06A216}.Release|Any CPU.Build.0 = Release|Any CPU
		{E0375FED-B4EA-4A63-A1B0-4784C1632B87}.Debug|Any CPU.ActiveCfg = Debug|Any CPU
		{E0375FED-B4EA-4A63-A1B0-4784C1632B87}.Debug|Any CPU.Build.0 = Debug|Any CPU
		{E0375FED-B4EA-4A63-A1B0-4784C1632B87}.Release|Any CPU.ActiveCfg = Release|Any CPU
		{E0375FED-B4EA-4A63-A1B0-4784C1632B87}.Release|Any CPU.Build.0 = Release|Any CPU
		{501C1D24-0F20-447F-9FE4-B71985FC37A7}.Debug|Any CPU.ActiveCfg = Debug|Any CPU
		{501C1D24-0F20-447F-9FE4-B71985FC37A7}.Debug|Any CPU.Build.0 = Debug|Any CPU
		{501C1D24-0F20-447F-9FE4-B71985FC37A7}.Release|Any CPU.ActiveCfg = Release|Any CPU
		{501C1D24-0F20-447F-9FE4-B71985FC37A7}.Release|Any CPU.Build.0 = Release|Any CPU
		{77F857AC-3A37-42C7-8C59-C44156B326C6}.Debug|Any CPU.ActiveCfg = Debug|Any CPU
		{77F857AC-3A37-42C7-8C59-C44156B326C6}.Debug|Any CPU.Build.0 = Debug|Any CPU
		{77F857AC-3A37-42C7-8C59-C44156B326C6}.Release|Any CPU.ActiveCfg = Release|Any CPU
		{77F857AC-3A37-42C7-8C59-C44156B326C6}.Release|Any CPU.Build.0 = Release|Any CPU
		{A1209E97-C405-425D-BF31-E2D042BC2940}.Debug|Any CPU.ActiveCfg = Debug|Any CPU
		{A1209E97-C405-425D-BF31-E2D042BC2940}.Debug|Any CPU.Build.0 = Debug|Any CPU
		{A1209E97-C405-425D-BF31-E2D042BC2940}.Release|Any CPU.ActiveCfg = Release|Any CPU
		{A1209E97-C405-425D-BF31-E2D042BC2940}.Release|Any CPU.Build.0 = Release|Any CPU
		{8D28E19C-8D1C-4FF2-8EAC-9E834E136DEF}.Debug|Any CPU.ActiveCfg = Debug|Any CPU
		{8D28E19C-8D1C-4FF2-8EAC-9E834E136DEF}.Debug|Any CPU.Build.0 = Debug|Any CPU
		{8D28E19C-8D1C-4FF2-8EAC-9E834E136DEF}.Release|Any CPU.ActiveCfg = Release|Any CPU
		{8D28E19C-8D1C-4FF2-8EAC-9E834E136DEF}.Release|Any CPU.Build.0 = Release|Any CPU
		{34FEE7B7-8EF7-479B-AFE2-F835D4CEB962}.Debug|Any CPU.ActiveCfg = Debug|Any CPU
		{34FEE7B7-8EF7-479B-AFE2-F835D4CEB962}.Debug|Any CPU.Build.0 = Debug|Any CPU
		{34FEE7B7-8EF7-479B-AFE2-F835D4CEB962}.Release|Any CPU.ActiveCfg = Release|Any CPU
		{34FEE7B7-8EF7-479B-AFE2-F835D4CEB962}.Release|Any CPU.Build.0 = Release|Any CPU
		{BD8D566D-C210-4776-B697-BFE800722671}.Debug|Any CPU.ActiveCfg = Debug|Any CPU
		{BD8D566D-C210-4776-B697-BFE800722671}.Debug|Any CPU.Build.0 = Debug|Any CPU
		{BD8D566D-C210-4776-B697-BFE800722671}.Release|Any CPU.ActiveCfg = Release|Any CPU
		{BD8D566D-C210-4776-B697-BFE800722671}.Release|Any CPU.Build.0 = Release|Any CPU
		{1B7DBB89-3D80-4D2C-B59E-713BC5DF4F81}.Debug|Any CPU.ActiveCfg = Debug|Any CPU
		{1B7DBB89-3D80-4D2C-B59E-713BC5DF4F81}.Debug|Any CPU.Build.0 = Debug|Any CPU
		{1B7DBB89-3D80-4D2C-B59E-713BC5DF4F81}.Release|Any CPU.ActiveCfg = Release|Any CPU
		{1B7DBB89-3D80-4D2C-B59E-713BC5DF4F81}.Release|Any CPU.Build.0 = Release|Any CPU
		{F0987ED7-FB9C-4516-B2F0-E50647FF831F}.Debug|Any CPU.ActiveCfg = Debug|Any CPU
		{F0987ED7-FB9C-4516-B2F0-E50647FF831F}.Debug|Any CPU.Build.0 = Debug|Any CPU
		{F0987ED7-FB9C-4516-B2F0-E50647FF831F}.Release|Any CPU.ActiveCfg = Release|Any CPU
		{F0987ED7-FB9C-4516-B2F0-E50647FF831F}.Release|Any CPU.Build.0 = Release|Any CPU
		{A6CB9278-C808-4EF0-9A2D-50A70F6D6937}.Debug|Any CPU.ActiveCfg = Debug|Any CPU
		{A6CB9278-C808-4EF0-9A2D-50A70F6D6937}.Debug|Any CPU.Build.0 = Debug|Any CPU
		{A6CB9278-C808-4EF0-9A2D-50A70F6D6937}.Release|Any CPU.ActiveCfg = Release|Any CPU
		{A6CB9278-C808-4EF0-9A2D-50A70F6D6937}.Release|Any CPU.Build.0 = Release|Any CPU
		{7C7D7CCB-83A5-48D3-993C-5D1CAB38A06C}.Debug|Any CPU.ActiveCfg = Debug|Any CPU
		{7C7D7CCB-83A5-48D3-993C-5D1CAB38A06C}.Debug|Any CPU.Build.0 = Debug|Any CPU
		{7C7D7CCB-83A5-48D3-993C-5D1CAB38A06C}.Release|Any CPU.ActiveCfg = Release|Any CPU
		{7C7D7CCB-83A5-48D3-993C-5D1CAB38A06C}.Release|Any CPU.Build.0 = Release|Any CPU
		{728EC4B9-D790-47FC-8F12-90469A3C43F1}.Debug|Any CPU.ActiveCfg = Debug|Any CPU
		{728EC4B9-D790-47FC-8F12-90469A3C43F1}.Debug|Any CPU.Build.0 = Debug|Any CPU
		{728EC4B9-D790-47FC-8F12-90469A3C43F1}.Release|Any CPU.ActiveCfg = Release|Any CPU
		{728EC4B9-D790-47FC-8F12-90469A3C43F1}.Release|Any CPU.Build.0 = Release|Any CPU
		{80376089-187A-4F7C-8B7B-1AA73A498056}.Debug|Any CPU.ActiveCfg = Debug|Any CPU
		{80376089-187A-4F7C-8B7B-1AA73A498056}.Debug|Any CPU.Build.0 = Debug|Any CPU
		{80376089-187A-4F7C-8B7B-1AA73A498056}.Release|Any CPU.ActiveCfg = Release|Any CPU
		{80376089-187A-4F7C-8B7B-1AA73A498056}.Release|Any CPU.Build.0 = Release|Any CPU
	EndGlobalSection
	GlobalSection(NestedProjects) = preSolution
		{1995DC9D-E231-4E3C-9602-2FA5221EAAEB} = {F58FD7AE-0E04-468A-B03B-AD970AAF41DB}
		{95301DA9-6CDD-4181-9758-83EFA1529E27} = {F58FD7AE-0E04-468A-B03B-AD970AAF41DB}
		{2F8E6020-1303-42ED-8736-0A0120A43A8F} = {F58FD7AE-0E04-468A-B03B-AD970AAF41DB}
		{4EB6597E-FE69-46B6-8534-B05A14F91BC2} = {F58FD7AE-0E04-468A-B03B-AD970AAF41DB}
		{6B45B67A-5F85-40D6-BDE1-7C6CDDFC3DC0} = {F58FD7AE-0E04-468A-B03B-AD970AAF41DB}
		{DE51B889-3A18-4346-A814-C049570F4BF4} = {F58FD7AE-0E04-468A-B03B-AD970AAF41DB}
		{5B659D4A-7B00-47D3-A662-5EF7E5720B45} = {F58FD7AE-0E04-468A-B03B-AD970AAF41DB}
		{C4D0473D-8D5C-4F0F-B4BF-E50326821849} = {F58FD7AE-0E04-468A-B03B-AD970AAF41DB}
		{AE005D49-6448-4CA6-95BD-8298080BA233} = {F58FD7AE-0E04-468A-B03B-AD970AAF41DB}
		{48390EDA-5CB3-4F44-A965-4FD8CBA0CD9A} = {F58FD7AE-0E04-468A-B03B-AD970AAF41DB}
		{4AE4A6DD-154B-4AB6-B412-6884685C7357} = {F58FD7AE-0E04-468A-B03B-AD970AAF41DB}
		{7E658224-6869-4938-A27E-B045A99F602D} = {F58FD7AE-0E04-468A-B03B-AD970AAF41DB}
		{AB3570E4-25C2-48D9-96FD-EFE99BC1C2ED} = {F58FD7AE-0E04-468A-B03B-AD970AAF41DB}
		{E0D2B432-7CA5-4145-A998-D8B3FBAD8652} = {F58FD7AE-0E04-468A-B03B-AD970AAF41DB}
		{191EFEC5-7205-4BC8-BA45-D3B037C4AE55} = {F58FD7AE-0E04-468A-B03B-AD970AAF41DB}
		{F21ED7EA-E5F1-4136-B6B2-9AC0F41D2B5F} = {F58FD7AE-0E04-468A-B03B-AD970AAF41DB}
		{44E2735A-AB5F-49ED-AA01-FEEEC27E885A} = {F58FD7AE-0E04-468A-B03B-AD970AAF41DB}
		{2B5D76C9-CEB8-4332-A2B6-C0AC739105E1} = {F58FD7AE-0E04-468A-B03B-AD970AAF41DB}
		{1C244C10-8C00-4CC5-A9A4-B8478A3D06D2} = {F58FD7AE-0E04-468A-B03B-AD970AAF41DB}
		{0C78D9B7-AA43-4B3A-AA87-660599A45AD9} = {F58FD7AE-0E04-468A-B03B-AD970AAF41DB}
		{19339BAC-3BAD-4E75-9173-0A1EF02E39DD} = {F58FD7AE-0E04-468A-B03B-AD970AAF41DB}
		{527BA9E2-8BF3-4C35-B96C-C633F29FF16F} = {F58FD7AE-0E04-468A-B03B-AD970AAF41DB}
		{6D34CE33-B34B-428E-9B69-BD6B897BC4D7} = {F58FD7AE-0E04-468A-B03B-AD970AAF41DB}
		{15ED97AE-1DF4-431A-B150-6D37E7C3603A} = {F58FD7AE-0E04-468A-B03B-AD970AAF41DB}
		{FAA2E30C-7538-4AC2-8983-1979264B22F5} = {F58FD7AE-0E04-468A-B03B-AD970AAF41DB}
		{08E612D1-5271-40F0-AB52-A2D7A1D95B4D} = {F58FD7AE-0E04-468A-B03B-AD970AAF41DB}
		{1F857EA9-45C0-4CE2-8CFD-C16ED5704B32} = {F58FD7AE-0E04-468A-B03B-AD970AAF41DB}
		{30C15CA9-7FFE-43C3-8097-687CB949C633} = {F58FD7AE-0E04-468A-B03B-AD970AAF41DB}
		{5852D087-24A7-4BA3-8E96-7242E85B3D00} = {F58FD7AE-0E04-468A-B03B-AD970AAF41DB}
		{AC435CF2-037B-4AE3-A261-7AA51B08B049} = {F58FD7AE-0E04-468A-B03B-AD970AAF41DB}
		{E1CED450-CF00-4D60-A147-87616BF1A574} = {F58FD7AE-0E04-468A-B03B-AD970AAF41DB}
		{32EBFB28-4B3B-4A9E-A8D1-C6C8EDAD798A} = {F58FD7AE-0E04-468A-B03B-AD970AAF41DB}
		{F1617127-844B-4B32-8F0F-0899C72FCB95} = {F58FD7AE-0E04-468A-B03B-AD970AAF41DB}
		{101410BE-20A2-4671-B6AA-7164A2536D15} = {F58FD7AE-0E04-468A-B03B-AD970AAF41DB}
		{6D79C6F8-B5D8-4B4A-BA4B-5C2CED74AEB3} = {F58FD7AE-0E04-468A-B03B-AD970AAF41DB}
		{5F0A30BB-CA58-496C-A7FD-9243517C1C96} = {F58FD7AE-0E04-468A-B03B-AD970AAF41DB}
		{8D65D5DF-9E41-4FBB-912E-659B0700B35B} = {F58FD7AE-0E04-468A-B03B-AD970AAF41DB}
		{A77D615C-0CCE-4461-84D6-29C61B06A216} = {F58FD7AE-0E04-468A-B03B-AD970AAF41DB}
		{E0375FED-B4EA-4A63-A1B0-4784C1632B87} = {F58FD7AE-0E04-468A-B03B-AD970AAF41DB}
		{501C1D24-0F20-447F-9FE4-B71985FC37A7} = {F58FD7AE-0E04-468A-B03B-AD970AAF41DB}
		{77F857AC-3A37-42C7-8C59-C44156B326C6} = {F58FD7AE-0E04-468A-B03B-AD970AAF41DB}
		{A1209E97-C405-425D-BF31-E2D042BC2940} = {F58FD7AE-0E04-468A-B03B-AD970AAF41DB}
		{7BA8FBD5-F68B-48A3-8283-BD9BD2458773} = {F58FD7AE-0E04-468A-B03B-AD970AAF41DB}
		{8D28E19C-8D1C-4FF2-8EAC-9E834E136DEF} = {7BA8FBD5-F68B-48A3-8283-BD9BD2458773}
		{34FEE7B7-8EF7-479B-AFE2-F835D4CEB962} = {7BA8FBD5-F68B-48A3-8283-BD9BD2458773}
		{BD8D566D-C210-4776-B697-BFE800722671} = {7BA8FBD5-F68B-48A3-8283-BD9BD2458773}
		{1B7DBB89-3D80-4D2C-B59E-713BC5DF4F81} = {7BA8FBD5-F68B-48A3-8283-BD9BD2458773}
		{F0987ED7-FB9C-4516-B2F0-E50647FF831F} = {7BA8FBD5-F68B-48A3-8283-BD9BD2458773}
		{A6CB9278-C808-4EF0-9A2D-50A70F6D6937} = {7BA8FBD5-F68B-48A3-8283-BD9BD2458773}
		{7C7D7CCB-83A5-48D3-993C-5D1CAB38A06C} = {7BA8FBD5-F68B-48A3-8283-BD9BD2458773}
		{728EC4B9-D790-47FC-8F12-90469A3C43F1} = {7BA8FBD5-F68B-48A3-8283-BD9BD2458773}
		{80376089-187A-4F7C-8B7B-1AA73A498056} = {7BA8FBD5-F68B-48A3-8283-BD9BD2458773}
	EndGlobalSection
EndGlobal
