
Microsoft Visual Studio Solution File, Format Version 12.00
# Visual Studio Version 17
VisualStudioVersion = 17.0.31903.59
MinimumVisualStudioVersion = 10.0.40219.1
Project("{2150E333-8FDC-42A3-9474-1A3956D46DE8}") = "JIT", "JIT", "{77B7F2AB-4A09-42D4-B3BE-740F663B62AD}"
EndProject
Project("{FAE04EC0-301F-11D3-BF4B-00C04F79EFBC}") = "Eq1", "JIT\CodeGenBringUpTests\Eq1.csproj", "{02DA7513-FAF3-49E0-8E58-2CDAE7BE9734}"
EndProject
Project("{FAE04EC0-301F-11D3-BF4B-00C04F79EFBC}") = "Gcd", "JIT\CodeGenBringUpTests\Gcd.csproj", "{44806684-5323-4E56-9453-7E2A2C39AF4E}"
EndProject
Project("{FAE04EC0-301F-11D3-BF4B-00C04F79EFBC}") = "Ge1", "JIT\CodeGenBringUpTests\Ge1.csproj", "{72FC6CE5-DEAA-4FC1-B22E-D0ED130AC575}"
EndProject
Project("{FAE04EC0-301F-11D3-BF4B-00C04F79EFBC}") = "Gt1", "JIT\CodeGenBringUpTests\Gt1.csproj", "{B857FC73-ED04-4B93-90ED-27E506574CA4}"
EndProject
Project("{FAE04EC0-301F-11D3-BF4B-00C04F79EFBC}") = "Le1", "JIT\CodeGenBringUpTests\Le1.csproj", "{19534F64-1152-44F5-892A-96F662C4A343}"
EndProject
Project("{FAE04EC0-301F-11D3-BF4B-00C04F79EFBC}") = "Lt1", "JIT\CodeGenBringUpTests\Lt1.csproj", "{C23C132A-EB54-4478-BBEF-B4A1AFEA047A}"
EndProject
Project("{FAE04EC0-301F-11D3-BF4B-00C04F79EFBC}") = "Ne1", "JIT\CodeGenBringUpTests\Ne1.csproj", "{D64C820F-DA18-446C-9443-264382901361}"
EndProject
Project("{FAE04EC0-301F-11D3-BF4B-00C04F79EFBC}") = "Or1", "JIT\CodeGenBringUpTests\Or1.csproj", "{AD611235-AC28-4761-BC38-DCA5D102CCA9}"
EndProject
Project("{FAE04EC0-301F-11D3-BF4B-00C04F79EFBC}") = "Add1", "JIT\CodeGenBringUpTests\Add1.csproj", "{3F6A2E98-BEBC-4367-AF1C-9ADB3C4565BE}"
EndProject
Project("{FAE04EC0-301F-11D3-BF4B-00C04F79EFBC}") = "And1", "JIT\CodeGenBringUpTests\And1.csproj", "{EE5D21FF-D999-490E-9D29-E5EF6D77A0F2}"
EndProject
Project("{FAE04EC0-301F-11D3-BF4B-00C04F79EFBC}") = "div1", "JIT\CodeGenBringUpTests\div1.csproj", "{BC21B6AA-C755-4EBC-A644-FA31E1C4D3EE}"
EndProject
Project("{FAE04EC0-301F-11D3-BF4B-00C04F79EFBC}") = "Ind1", "JIT\CodeGenBringUpTests\Ind1.csproj", "{FDBAF866-53C1-48B1-A030-7DBB5ADF4A76}"
EndProject
Project("{FAE04EC0-301F-11D3-BF4B-00C04F79EFBC}") = "Jmp1", "JIT\CodeGenBringUpTests\Jmp1.csproj", "{918692F4-951A-40B4-B595-CA12C5A2EFCD}"
EndProject
Project("{FAE04EC0-301F-11D3-BF4B-00C04F79EFBC}") = "mul1", "JIT\CodeGenBringUpTests\mul1.csproj", "{2DCD6663-A5C8-4EDB-AF5C-66FE63682672}"
EndProject
Project("{FAE04EC0-301F-11D3-BF4B-00C04F79EFBC}") = "mul2", "JIT\CodeGenBringUpTests\mul2.csproj", "{456A8ACC-5686-4C9C-B243-CADF1F8BDA44}"
EndProject
Project("{FAE04EC0-301F-11D3-BF4B-00C04F79EFBC}") = "mul3", "JIT\CodeGenBringUpTests\mul3.csproj", "{440EF5E1-A75B-40C9-B2D1-5BCC1125C28D}"
EndProject
Project("{FAE04EC0-301F-11D3-BF4B-00C04F79EFBC}") = "mul4", "JIT\CodeGenBringUpTests\mul4.csproj", "{0AF1717A-B072-4F6B-AA53-7C530B5A4A17}"
EndProject
Project("{FAE04EC0-301F-11D3-BF4B-00C04F79EFBC}") = "rem1", "JIT\CodeGenBringUpTests\rem1.csproj", "{AA3FA9F4-DB10-4E45-9547-B2EA97171D87}"
EndProject
Project("{FAE04EC0-301F-11D3-BF4B-00C04F79EFBC}") = "Sub1", "JIT\CodeGenBringUpTests\Sub1.csproj", "{C74DD2EA-1FEA-461E-BF7F-0133D1BEB4FC}"
EndProject
Project("{FAE04EC0-301F-11D3-BF4B-00C04F79EFBC}") = "Swap", "JIT\CodeGenBringUpTests\Swap.csproj", "{CC7697F7-8D31-418E-83F6-E65FE7403091}"
EndProject
Project("{FAE04EC0-301F-11D3-BF4B-00C04F79EFBC}") = "Xor1", "JIT\CodeGenBringUpTests\Xor1.csproj", "{218E6C45-0403-473A-903E-6E3BF653E46A}"
EndProject
Project("{FAE04EC0-301F-11D3-BF4B-00C04F79EFBC}") = "Args4", "JIT\CodeGenBringUpTests\Args4.csproj", "{92FE7735-86FD-448F-9461-620CCC9F7EE8}"
EndProject
Project("{FAE04EC0-301F-11D3-BF4B-00C04F79EFBC}") = "Args5", "JIT\CodeGenBringUpTests\Args5.csproj", "{EE3A5316-A6ED-44D5-BE2B-17F608FDB630}"
EndProject
Project("{FAE04EC0-301F-11D3-BF4B-00C04F79EFBC}") = "Call1", "JIT\CodeGenBringUpTests\Call1.csproj", "{E56E017B-1948-437E-98A6-513CEB0E2987}"
EndProject
Project("{FAE04EC0-301F-11D3-BF4B-00C04F79EFBC}") = "OrRef", "JIT\CodeGenBringUpTests\OrRef.csproj", "{172E7DC6-1ABA-4403-99D7-7636C190529E}"
EndProject
Project("{FAE04EC0-301F-11D3-BF4B-00C04F79EFBC}") = "Shift", "JIT\CodeGenBringUpTests\Shift.csproj", "{40E9C93A-6C6D-40B2-BEF8-1D17D918F594}"
EndProject
Project("{FAE04EC0-301F-11D3-BF4B-00C04F79EFBC}") = "Unbox", "JIT\CodeGenBringUpTests\Unbox.csproj", "{DD8272F7-BEEC-44ED-A0E6-79EAEF4E1D11}"
EndProject
Project("{FAE04EC0-301F-11D3-BF4B-00C04F79EFBC}") = "addref", "JIT\CodeGenBringUpTests\addref.csproj", "{705F078A-25C9-471F-97D5-372A1ECB1BB7}"
EndProject
Project("{FAE04EC0-301F-11D3-BF4B-00C04F79EFBC}") = "AndRef", "JIT\CodeGenBringUpTests\AndRef.csproj", "{EABF4207-D767-46EF-B9DF-222ECD1B0CB5}"
EndProject
Project("{FAE04EC0-301F-11D3-BF4B-00C04F79EFBC}") = "Array1", "JIT\CodeGenBringUpTests\Array1.csproj", "{A1688D9A-BF4D-4B9C-AEF7-D9F6608CEF16}"
EndProject
Project("{FAE04EC0-301F-11D3-BF4B-00C04F79EFBC}") = "Array2", "JIT\CodeGenBringUpTests\Array2.csproj", "{FE3CDCD2-EB96-4093-A9AA-743FF9C884B3}"
EndProject
Project("{FAE04EC0-301F-11D3-BF4B-00C04F79EFBC}") = "Array3", "JIT\CodeGenBringUpTests\Array3.csproj", "{BBD11433-013E-44BA-846D-78873B61D028}"
EndProject
Project("{FAE04EC0-301F-11D3-BF4B-00C04F79EFBC}") = "Array4", "JIT\CodeGenBringUpTests\Array4.csproj", "{6184C578-AC2F-4684-BCBE-A7D90A44CD1C}"
EndProject
Project("{FAE04EC0-301F-11D3-BF4B-00C04F79EFBC}") = "AsgOr1", "JIT\CodeGenBringUpTests\AsgOr1.csproj", "{A5924CA7-422B-4FE9-AD01-66E3F0634B2F}"
EndProject
Project("{FAE04EC0-301F-11D3-BF4B-00C04F79EFBC}") = "divref", "JIT\CodeGenBringUpTests\divref.csproj", "{CE38F47F-4BBC-46CB-A575-1608D047F5E4}"
EndProject
Project("{FAE04EC0-301F-11D3-BF4B-00C04F79EFBC}") = "JTrue1", "JIT\CodeGenBringUpTests\JTrue1.csproj", "{7B95FB40-CB8E-42C4-B024-67BD880F197F}"
EndProject
Project("{FAE04EC0-301F-11D3-BF4B-00C04F79EFBC}") = "NegRMW", "JIT\CodeGenBringUpTests\NegRMW.csproj", "{764BF9B6-A0FB-4D8F-BAE0-BDB94642EC79}"
EndProject
Project("{FAE04EC0-301F-11D3-BF4B-00C04F79EFBC}") = "NotRMW", "JIT\CodeGenBringUpTests\NotRMW.csproj", "{E0DF5AF3-E85F-4557-8B54-4DCE5358DF87}"
EndProject
Project("{FAE04EC0-301F-11D3-BF4B-00C04F79EFBC}") = "Rotate", "JIT\CodeGenBringUpTests\Rotate.csproj", "{5324AC97-70CD-465D-8548-0F56A615A25A}"
EndProject
Project("{FAE04EC0-301F-11D3-BF4B-00C04F79EFBC}") = "SubRef", "JIT\CodeGenBringUpTests\SubRef.csproj", "{445F3509-660B-4054-A2B3-BBC30B00F966}"
EndProject
Project("{FAE04EC0-301F-11D3-BF4B-00C04F79EFBC}") = "Switch", "JIT\CodeGenBringUpTests\Switch.csproj", "{AC62CE0E-0F09-4A92-BCF0-4E21E72CEEED}"
EndProject
Project("{FAE04EC0-301F-11D3-BF4B-00C04F79EFBC}") = "XorRef", "JIT\CodeGenBringUpTests\XorRef.csproj", "{2D862AEB-1725-421C-AF5B-802ADDFCFE4B}"
EndProject
Project("{2150E333-8FDC-42A3-9474-1A3956D46DE8}") = "Directed", "Directed", "{C60D0539-F1BC-495B-A463-CE66CF99142F}"
EndProject
Project("{FAE04EC0-301F-11D3-BF4B-00C04F79EFBC}") = "BitTest", "JIT\Directed\BitTest\BitTest.csproj", "{25EDC8C9-6E04-4E3F-88DE-597B36548086}"
EndProject
Global
	GlobalSection(SolutionConfigurationPlatforms) = preSolution
		Debug|Any CPU = Debug|Any CPU
		Release|Any CPU = Release|Any CPU
	EndGlobalSection
	GlobalSection(SolutionProperties) = preSolution
		HideSolutionNode = FALSE
	EndGlobalSection
	GlobalSection(ProjectConfigurationPlatforms) = postSolution
		{02DA7513-FAF3-49E0-8E58-2CDAE7BE9734}.Debug|Any CPU.ActiveCfg = Debug|Any CPU
		{02DA7513-FAF3-49E0-8E58-2CDAE7BE9734}.Debug|Any CPU.Build.0 = Debug|Any CPU
		{02DA7513-FAF3-49E0-8E58-2CDAE7BE9734}.Release|Any CPU.ActiveCfg = Release|Any CPU
		{02DA7513-FAF3-49E0-8E58-2CDAE7BE9734}.Release|Any CPU.Build.0 = Release|Any CPU
		{44806684-5323-4E56-9453-7E2A2C39AF4E}.Debug|Any CPU.ActiveCfg = Debug|Any CPU
		{44806684-5323-4E56-9453-7E2A2C39AF4E}.Debug|Any CPU.Build.0 = Debug|Any CPU
		{44806684-5323-4E56-9453-7E2A2C39AF4E}.Release|Any CPU.ActiveCfg = Release|Any CPU
		{44806684-5323-4E56-9453-7E2A2C39AF4E}.Release|Any CPU.Build.0 = Release|Any CPU
		{72FC6CE5-DEAA-4FC1-B22E-D0ED130AC575}.Debug|Any CPU.ActiveCfg = Debug|Any CPU
		{72FC6CE5-DEAA-4FC1-B22E-D0ED130AC575}.Debug|Any CPU.Build.0 = Debug|Any CPU
		{72FC6CE5-DEAA-4FC1-B22E-D0ED130AC575}.Release|Any CPU.ActiveCfg = Release|Any CPU
		{72FC6CE5-DEAA-4FC1-B22E-D0ED130AC575}.Release|Any CPU.Build.0 = Release|Any CPU
		{B857FC73-ED04-4B93-90ED-27E506574CA4}.Debug|Any CPU.ActiveCfg = Debug|Any CPU
		{B857FC73-ED04-4B93-90ED-27E506574CA4}.Debug|Any CPU.Build.0 = Debug|Any CPU
		{B857FC73-ED04-4B93-90ED-27E506574CA4}.Release|Any CPU.ActiveCfg = Release|Any CPU
		{B857FC73-ED04-4B93-90ED-27E506574CA4}.Release|Any CPU.Build.0 = Release|Any CPU
		{19534F64-1152-44F5-892A-96F662C4A343}.Debug|Any CPU.ActiveCfg = Debug|Any CPU
		{19534F64-1152-44F5-892A-96F662C4A343}.Debug|Any CPU.Build.0 = Debug|Any CPU
		{19534F64-1152-44F5-892A-96F662C4A343}.Release|Any CPU.ActiveCfg = Release|Any CPU
		{19534F64-1152-44F5-892A-96F662C4A343}.Release|Any CPU.Build.0 = Release|Any CPU
		{C23C132A-EB54-4478-BBEF-B4A1AFEA047A}.Debug|Any CPU.ActiveCfg = Debug|Any CPU
		{C23C132A-EB54-4478-BBEF-B4A1AFEA047A}.Debug|Any CPU.Build.0 = Debug|Any CPU
		{C23C132A-EB54-4478-BBEF-B4A1AFEA047A}.Release|Any CPU.ActiveCfg = Release|Any CPU
		{C23C132A-EB54-4478-BBEF-B4A1AFEA047A}.Release|Any CPU.Build.0 = Release|Any CPU
		{D64C820F-DA18-446C-9443-264382901361}.Debug|Any CPU.ActiveCfg = Debug|Any CPU
		{D64C820F-DA18-446C-9443-264382901361}.Debug|Any CPU.Build.0 = Debug|Any CPU
		{D64C820F-DA18-446C-9443-264382901361}.Release|Any CPU.ActiveCfg = Release|Any CPU
		{D64C820F-DA18-446C-9443-264382901361}.Release|Any CPU.Build.0 = Release|Any CPU
		{AD611235-AC28-4761-BC38-DCA5D102CCA9}.Debug|Any CPU.ActiveCfg = Debug|Any CPU
		{AD611235-AC28-4761-BC38-DCA5D102CCA9}.Debug|Any CPU.Build.0 = Debug|Any CPU
		{AD611235-AC28-4761-BC38-DCA5D102CCA9}.Release|Any CPU.ActiveCfg = Release|Any CPU
		{AD611235-AC28-4761-BC38-DCA5D102CCA9}.Release|Any CPU.Build.0 = Release|Any CPU
		{3F6A2E98-BEBC-4367-AF1C-9ADB3C4565BE}.Debug|Any CPU.ActiveCfg = Debug|Any CPU
		{3F6A2E98-BEBC-4367-AF1C-9ADB3C4565BE}.Debug|Any CPU.Build.0 = Debug|Any CPU
		{3F6A2E98-BEBC-4367-AF1C-9ADB3C4565BE}.Release|Any CPU.ActiveCfg = Release|Any CPU
		{3F6A2E98-BEBC-4367-AF1C-9ADB3C4565BE}.Release|Any CPU.Build.0 = Release|Any CPU
		{EE5D21FF-D999-490E-9D29-E5EF6D77A0F2}.Debug|Any CPU.ActiveCfg = Debug|Any CPU
		{EE5D21FF-D999-490E-9D29-E5EF6D77A0F2}.Debug|Any CPU.Build.0 = Debug|Any CPU
		{EE5D21FF-D999-490E-9D29-E5EF6D77A0F2}.Release|Any CPU.ActiveCfg = Release|Any CPU
		{EE5D21FF-D999-490E-9D29-E5EF6D77A0F2}.Release|Any CPU.Build.0 = Release|Any CPU
		{BC21B6AA-C755-4EBC-A644-FA31E1C4D3EE}.Debug|Any CPU.ActiveCfg = Debug|Any CPU
		{BC21B6AA-C755-4EBC-A644-FA31E1C4D3EE}.Debug|Any CPU.Build.0 = Debug|Any CPU
		{BC21B6AA-C755-4EBC-A644-FA31E1C4D3EE}.Release|Any CPU.ActiveCfg = Release|Any CPU
		{BC21B6AA-C755-4EBC-A644-FA31E1C4D3EE}.Release|Any CPU.Build.0 = Release|Any CPU
		{FDBAF866-53C1-48B1-A030-7DBB5ADF4A76}.Debug|Any CPU.ActiveCfg = Debug|Any CPU
		{FDBAF866-53C1-48B1-A030-7DBB5ADF4A76}.Debug|Any CPU.Build.0 = Debug|Any CPU
		{FDBAF866-53C1-48B1-A030-7DBB5ADF4A76}.Release|Any CPU.ActiveCfg = Release|Any CPU
		{FDBAF866-53C1-48B1-A030-7DBB5ADF4A76}.Release|Any CPU.Build.0 = Release|Any CPU
		{918692F4-951A-40B4-B595-CA12C5A2EFCD}.Debug|Any CPU.ActiveCfg = Debug|Any CPU
		{918692F4-951A-40B4-B595-CA12C5A2EFCD}.Debug|Any CPU.Build.0 = Debug|Any CPU
		{918692F4-951A-40B4-B595-CA12C5A2EFCD}.Release|Any CPU.ActiveCfg = Release|Any CPU
		{918692F4-951A-40B4-B595-CA12C5A2EFCD}.Release|Any CPU.Build.0 = Release|Any CPU
		{2DCD6663-A5C8-4EDB-AF5C-66FE63682672}.Debug|Any CPU.ActiveCfg = Debug|Any CPU
		{2DCD6663-A5C8-4EDB-AF5C-66FE63682672}.Debug|Any CPU.Build.0 = Debug|Any CPU
		{2DCD6663-A5C8-4EDB-AF5C-66FE63682672}.Release|Any CPU.ActiveCfg = Release|Any CPU
		{2DCD6663-A5C8-4EDB-AF5C-66FE63682672}.Release|Any CPU.Build.0 = Release|Any CPU
		{456A8ACC-5686-4C9C-B243-CADF1F8BDA44}.Debug|Any CPU.ActiveCfg = Debug|Any CPU
		{456A8ACC-5686-4C9C-B243-CADF1F8BDA44}.Debug|Any CPU.Build.0 = Debug|Any CPU
		{456A8ACC-5686-4C9C-B243-CADF1F8BDA44}.Release|Any CPU.ActiveCfg = Release|Any CPU
		{456A8ACC-5686-4C9C-B243-CADF1F8BDA44}.Release|Any CPU.Build.0 = Release|Any CPU
		{440EF5E1-A75B-40C9-B2D1-5BCC1125C28D}.Debug|Any CPU.ActiveCfg = Debug|Any CPU
		{440EF5E1-A75B-40C9-B2D1-5BCC1125C28D}.Debug|Any CPU.Build.0 = Debug|Any CPU
		{440EF5E1-A75B-40C9-B2D1-5BCC1125C28D}.Release|Any CPU.ActiveCfg = Release|Any CPU
		{440EF5E1-A75B-40C9-B2D1-5BCC1125C28D}.Release|Any CPU.Build.0 = Release|Any CPU
		{0AF1717A-B072-4F6B-AA53-7C530B5A4A17}.Debug|Any CPU.ActiveCfg = Debug|Any CPU
		{0AF1717A-B072-4F6B-AA53-7C530B5A4A17}.Debug|Any CPU.Build.0 = Debug|Any CPU
		{0AF1717A-B072-4F6B-AA53-7C530B5A4A17}.Release|Any CPU.ActiveCfg = Release|Any CPU
		{0AF1717A-B072-4F6B-AA53-7C530B5A4A17}.Release|Any CPU.Build.0 = Release|Any CPU
		{AA3FA9F4-DB10-4E45-9547-B2EA97171D87}.Debug|Any CPU.ActiveCfg = Debug|Any CPU
		{AA3FA9F4-DB10-4E45-9547-B2EA97171D87}.Debug|Any CPU.Build.0 = Debug|Any CPU
		{AA3FA9F4-DB10-4E45-9547-B2EA97171D87}.Release|Any CPU.ActiveCfg = Release|Any CPU
		{AA3FA9F4-DB10-4E45-9547-B2EA97171D87}.Release|Any CPU.Build.0 = Release|Any CPU
		{C74DD2EA-1FEA-461E-BF7F-0133D1BEB4FC}.Debug|Any CPU.ActiveCfg = Debug|Any CPU
		{C74DD2EA-1FEA-461E-BF7F-0133D1BEB4FC}.Debug|Any CPU.Build.0 = Debug|Any CPU
		{C74DD2EA-1FEA-461E-BF7F-0133D1BEB4FC}.Release|Any CPU.ActiveCfg = Release|Any CPU
		{C74DD2EA-1FEA-461E-BF7F-0133D1BEB4FC}.Release|Any CPU.Build.0 = Release|Any CPU
		{CC7697F7-8D31-418E-83F6-E65FE7403091}.Debug|Any CPU.ActiveCfg = Debug|Any CPU
		{CC7697F7-8D31-418E-83F6-E65FE7403091}.Debug|Any CPU.Build.0 = Debug|Any CPU
		{CC7697F7-8D31-418E-83F6-E65FE7403091}.Release|Any CPU.ActiveCfg = Release|Any CPU
		{CC7697F7-8D31-418E-83F6-E65FE7403091}.Release|Any CPU.Build.0 = Release|Any CPU
		{218E6C45-0403-473A-903E-6E3BF653E46A}.Debug|Any CPU.ActiveCfg = Debug|Any CPU
		{218E6C45-0403-473A-903E-6E3BF653E46A}.Debug|Any CPU.Build.0 = Debug|Any CPU
		{218E6C45-0403-473A-903E-6E3BF653E46A}.Release|Any CPU.ActiveCfg = Release|Any CPU
		{218E6C45-0403-473A-903E-6E3BF653E46A}.Release|Any CPU.Build.0 = Release|Any CPU
		{92FE7735-86FD-448F-9461-620CCC9F7EE8}.Debug|Any CPU.ActiveCfg = Debug|Any CPU
		{92FE7735-86FD-448F-9461-620CCC9F7EE8}.Debug|Any CPU.Build.0 = Debug|Any CPU
		{92FE7735-86FD-448F-9461-620CCC9F7EE8}.Release|Any CPU.ActiveCfg = Release|Any CPU
		{92FE7735-86FD-448F-9461-620CCC9F7EE8}.Release|Any CPU.Build.0 = Release|Any CPU
		{EE3A5316-A6ED-44D5-BE2B-17F608FDB630}.Debug|Any CPU.ActiveCfg = Debug|Any CPU
		{EE3A5316-A6ED-44D5-BE2B-17F608FDB630}.Debug|Any CPU.Build.0 = Debug|Any CPU
		{EE3A5316-A6ED-44D5-BE2B-17F608FDB630}.Release|Any CPU.ActiveCfg = Release|Any CPU
		{EE3A5316-A6ED-44D5-BE2B-17F608FDB630}.Release|Any CPU.Build.0 = Release|Any CPU
		{E56E017B-1948-437E-98A6-513CEB0E2987}.Debug|Any CPU.ActiveCfg = Debug|Any CPU
		{E56E017B-1948-437E-98A6-513CEB0E2987}.Debug|Any CPU.Build.0 = Debug|Any CPU
		{E56E017B-1948-437E-98A6-513CEB0E2987}.Release|Any CPU.ActiveCfg = Release|Any CPU
		{E56E017B-1948-437E-98A6-513CEB0E2987}.Release|Any CPU.Build.0 = Release|Any CPU
		{172E7DC6-1ABA-4403-99D7-7636C190529E}.Debug|Any CPU.ActiveCfg = Debug|Any CPU
		{172E7DC6-1ABA-4403-99D7-7636C190529E}.Debug|Any CPU.Build.0 = Debug|Any CPU
		{172E7DC6-1ABA-4403-99D7-7636C190529E}.Release|Any CPU.ActiveCfg = Release|Any CPU
		{172E7DC6-1ABA-4403-99D7-7636C190529E}.Release|Any CPU.Build.0 = Release|Any CPU
		{40E9C93A-6C6D-40B2-BEF8-1D17D918F594}.Debug|Any CPU.ActiveCfg = Debug|Any CPU
		{40E9C93A-6C6D-40B2-BEF8-1D17D918F594}.Debug|Any CPU.Build.0 = Debug|Any CPU
		{40E9C93A-6C6D-40B2-BEF8-1D17D918F594}.Release|Any CPU.ActiveCfg = Release|Any CPU
		{40E9C93A-6C6D-40B2-BEF8-1D17D918F594}.Release|Any CPU.Build.0 = Release|Any CPU
		{DD8272F7-BEEC-44ED-A0E6-79EAEF4E1D11}.Debug|Any CPU.ActiveCfg = Debug|Any CPU
		{DD8272F7-BEEC-44ED-A0E6-79EAEF4E1D11}.Debug|Any CPU.Build.0 = Debug|Any CPU
		{DD8272F7-BEEC-44ED-A0E6-79EAEF4E1D11}.Release|Any CPU.ActiveCfg = Release|Any CPU
		{DD8272F7-BEEC-44ED-A0E6-79EAEF4E1D11}.Release|Any CPU.Build.0 = Release|Any CPU
		{705F078A-25C9-471F-97D5-372A1ECB1BB7}.Debug|Any CPU.ActiveCfg = Debug|Any CPU
		{705F078A-25C9-471F-97D5-372A1ECB1BB7}.Debug|Any CPU.Build.0 = Debug|Any CPU
		{705F078A-25C9-471F-97D5-372A1ECB1BB7}.Release|Any CPU.ActiveCfg = Release|Any CPU
		{705F078A-25C9-471F-97D5-372A1ECB1BB7}.Release|Any CPU.Build.0 = Release|Any CPU
		{EABF4207-D767-46EF-B9DF-222ECD1B0CB5}.Debug|Any CPU.ActiveCfg = Debug|Any CPU
		{EABF4207-D767-46EF-B9DF-222ECD1B0CB5}.Debug|Any CPU.Build.0 = Debug|Any CPU
		{EABF4207-D767-46EF-B9DF-222ECD1B0CB5}.Release|Any CPU.ActiveCfg = Release|Any CPU
		{EABF4207-D767-46EF-B9DF-222ECD1B0CB5}.Release|Any CPU.Build.0 = Release|Any CPU
		{A1688D9A-BF4D-4B9C-AEF7-D9F6608CEF16}.Debug|Any CPU.ActiveCfg = Debug|Any CPU
		{A1688D9A-BF4D-4B9C-AEF7-D9F6608CEF16}.Debug|Any CPU.Build.0 = Debug|Any CPU
		{A1688D9A-BF4D-4B9C-AEF7-D9F6608CEF16}.Release|Any CPU.ActiveCfg = Release|Any CPU
		{A1688D9A-BF4D-4B9C-AEF7-D9F6608CEF16}.Release|Any CPU.Build.0 = Release|Any CPU
		{FE3CDCD2-EB96-4093-A9AA-743FF9C884B3}.Debug|Any CPU.ActiveCfg = Debug|Any CPU
		{FE3CDCD2-EB96-4093-A9AA-743FF9C884B3}.Debug|Any CPU.Build.0 = Debug|Any CPU
		{FE3CDCD2-EB96-4093-A9AA-743FF9C884B3}.Release|Any CPU.ActiveCfg = Release|Any CPU
		{FE3CDCD2-EB96-4093-A9AA-743FF9C884B3}.Release|Any CPU.Build.0 = Release|Any CPU
		{BBD11433-013E-44BA-846D-78873B61D028}.Debug|Any CPU.ActiveCfg = Debug|Any CPU
		{BBD11433-013E-44BA-846D-78873B61D028}.Debug|Any CPU.Build.0 = Debug|Any CPU
		{BBD11433-013E-44BA-846D-78873B61D028}.Release|Any CPU.ActiveCfg = Release|Any CPU
		{BBD11433-013E-44BA-846D-78873B61D028}.Release|Any CPU.Build.0 = Release|Any CPU
		{6184C578-AC2F-4684-BCBE-A7D90A44CD1C}.Debug|Any CPU.ActiveCfg = Debug|Any CPU
		{6184C578-AC2F-4684-BCBE-A7D90A44CD1C}.Debug|Any CPU.Build.0 = Debug|Any CPU
		{6184C578-AC2F-4684-BCBE-A7D90A44CD1C}.Release|Any CPU.ActiveCfg = Release|Any CPU
		{6184C578-AC2F-4684-BCBE-A7D90A44CD1C}.Release|Any CPU.Build.0 = Release|Any CPU
		{A5924CA7-422B-4FE9-AD01-66E3F0634B2F}.Debug|Any CPU.ActiveCfg = Debug|Any CPU
		{A5924CA7-422B-4FE9-AD01-66E3F0634B2F}.Debug|Any CPU.Build.0 = Debug|Any CPU
		{A5924CA7-422B-4FE9-AD01-66E3F0634B2F}.Release|Any CPU.ActiveCfg = Release|Any CPU
		{A5924CA7-422B-4FE9-AD01-66E3F0634B2F}.Release|Any CPU.Build.0 = Release|Any CPU
		{CE38F47F-4BBC-46CB-A575-1608D047F5E4}.Debug|Any CPU.ActiveCfg = Debug|Any CPU
		{CE38F47F-4BBC-46CB-A575-1608D047F5E4}.Debug|Any CPU.Build.0 = Debug|Any CPU
		{CE38F47F-4BBC-46CB-A575-1608D047F5E4}.Release|Any CPU.ActiveCfg = Release|Any CPU
		{CE38F47F-4BBC-46CB-A575-1608D047F5E4}.Release|Any CPU.Build.0 = Release|Any CPU
		{7B95FB40-CB8E-42C4-B024-67BD880F197F}.Debug|Any CPU.ActiveCfg = Debug|Any CPU
		{7B95FB40-CB8E-42C4-B024-67BD880F197F}.Debug|Any CPU.Build.0 = Debug|Any CPU
		{7B95FB40-CB8E-42C4-B024-67BD880F197F}.Release|Any CPU.ActiveCfg = Release|Any CPU
		{7B95FB40-CB8E-42C4-B024-67BD880F197F}.Release|Any CPU.Build.0 = Release|Any CPU
		{764BF9B6-A0FB-4D8F-BAE0-BDB94642EC79}.Debug|Any CPU.ActiveCfg = Debug|Any CPU
		{764BF9B6-A0FB-4D8F-BAE0-BDB94642EC79}.Debug|Any CPU.Build.0 = Debug|Any CPU
		{764BF9B6-A0FB-4D8F-BAE0-BDB94642EC79}.Release|Any CPU.ActiveCfg = Release|Any CPU
		{764BF9B6-A0FB-4D8F-BAE0-BDB94642EC79}.Release|Any CPU.Build.0 = Release|Any CPU
		{E0DF5AF3-E85F-4557-8B54-4DCE5358DF87}.Debug|Any CPU.ActiveCfg = Debug|Any CPU
		{E0DF5AF3-E85F-4557-8B54-4DCE5358DF87}.Debug|Any CPU.Build.0 = Debug|Any CPU
		{E0DF5AF3-E85F-4557-8B54-4DCE5358DF87}.Release|Any CPU.ActiveCfg = Release|Any CPU
		{E0DF5AF3-E85F-4557-8B54-4DCE5358DF87}.Release|Any CPU.Build.0 = Release|Any CPU
		{5324AC97-70CD-465D-8548-0F56A615A25A}.Debug|Any CPU.ActiveCfg = Debug|Any CPU
		{5324AC97-70CD-465D-8548-0F56A615A25A}.Debug|Any CPU.Build.0 = Debug|Any CPU
		{5324AC97-70CD-465D-8548-0F56A615A25A}.Release|Any CPU.ActiveCfg = Release|Any CPU
		{5324AC97-70CD-465D-8548-0F56A615A25A}.Release|Any CPU.Build.0 = Release|Any CPU
		{445F3509-660B-4054-A2B3-BBC30B00F966}.Debug|Any CPU.ActiveCfg = Debug|Any CPU
		{445F3509-660B-4054-A2B3-BBC30B00F966}.Debug|Any CPU.Build.0 = Debug|Any CPU
		{445F3509-660B-4054-A2B3-BBC30B00F966}.Release|Any CPU.ActiveCfg = Release|Any CPU
		{445F3509-660B-4054-A2B3-BBC30B00F966}.Release|Any CPU.Build.0 = Release|Any CPU
		{AC62CE0E-0F09-4A92-BCF0-4E21E72CEEED}.Debug|Any CPU.ActiveCfg = Debug|Any CPU
		{AC62CE0E-0F09-4A92-BCF0-4E21E72CEEED}.Debug|Any CPU.Build.0 = Debug|Any CPU
		{AC62CE0E-0F09-4A92-BCF0-4E21E72CEEED}.Release|Any CPU.ActiveCfg = Release|Any CPU
		{AC62CE0E-0F09-4A92-BCF0-4E21E72CEEED}.Release|Any CPU.Build.0 = Release|Any CPU
		{2D862AEB-1725-421C-AF5B-802ADDFCFE4B}.Debug|Any CPU.ActiveCfg = Debug|Any CPU
		{2D862AEB-1725-421C-AF5B-802ADDFCFE4B}.Debug|Any CPU.Build.0 = Debug|Any CPU
		{2D862AEB-1725-421C-AF5B-802ADDFCFE4B}.Release|Any CPU.ActiveCfg = Release|Any CPU
		{2D862AEB-1725-421C-AF5B-802ADDFCFE4B}.Release|Any CPU.Build.0 = Release|Any CPU
		{25EDC8C9-6E04-4E3F-88DE-597B36548086}.Debug|Any CPU.ActiveCfg = Debug|Any CPU
		{25EDC8C9-6E04-4E3F-88DE-597B36548086}.Debug|Any CPU.Build.0 = Debug|Any CPU
		{25EDC8C9-6E04-4E3F-88DE-597B36548086}.Release|Any CPU.ActiveCfg = Release|Any CPU
		{25EDC8C9-6E04-4E3F-88DE-597B36548086}.Release|Any CPU.Build.0 = Release|Any CPU
	EndGlobalSection
	GlobalSection(NestedProjects) = preSolution
		{02DA7513-FAF3-49E0-8E58-2CDAE7BE9734} = {77B7F2AB-4A09-42D4-B3BE-740F663B62AD}
		{44806684-5323-4E56-9453-7E2A2C39AF4E} = {77B7F2AB-4A09-42D4-B3BE-740F663B62AD}
		{72FC6CE5-DEAA-4FC1-B22E-D0ED130AC575} = {77B7F2AB-4A09-42D4-B3BE-740F663B62AD}
		{B857FC73-ED04-4B93-90ED-27E506574CA4} = {77B7F2AB-4A09-42D4-B3BE-740F663B62AD}
		{19534F64-1152-44F5-892A-96F662C4A343} = {77B7F2AB-4A09-42D4-B3BE-740F663B62AD}
		{C23C132A-EB54-4478-BBEF-B4A1AFEA047A} = {77B7F2AB-4A09-42D4-B3BE-740F663B62AD}
		{D64C820F-DA18-446C-9443-264382901361} = {77B7F2AB-4A09-42D4-B3BE-740F663B62AD}
		{AD611235-AC28-4761-BC38-DCA5D102CCA9} = {77B7F2AB-4A09-42D4-B3BE-740F663B62AD}
		{3F6A2E98-BEBC-4367-AF1C-9ADB3C4565BE} = {77B7F2AB-4A09-42D4-B3BE-740F663B62AD}
		{EE5D21FF-D999-490E-9D29-E5EF6D77A0F2} = {77B7F2AB-4A09-42D4-B3BE-740F663B62AD}
		{BC21B6AA-C755-4EBC-A644-FA31E1C4D3EE} = {77B7F2AB-4A09-42D4-B3BE-740F663B62AD}
		{FDBAF866-53C1-48B1-A030-7DBB5ADF4A76} = {77B7F2AB-4A09-42D4-B3BE-740F663B62AD}
		{918692F4-951A-40B4-B595-CA12C5A2EFCD} = {77B7F2AB-4A09-42D4-B3BE-740F663B62AD}
		{2DCD6663-A5C8-4EDB-AF5C-66FE63682672} = {77B7F2AB-4A09-42D4-B3BE-740F663B62AD}
		{456A8ACC-5686-4C9C-B243-CADF1F8BDA44} = {77B7F2AB-4A09-42D4-B3BE-740F663B62AD}
		{440EF5E1-A75B-40C9-B2D1-5BCC1125C28D} = {77B7F2AB-4A09-42D4-B3BE-740F663B62AD}
		{0AF1717A-B072-4F6B-AA53-7C530B5A4A17} = {77B7F2AB-4A09-42D4-B3BE-740F663B62AD}
		{AA3FA9F4-DB10-4E45-9547-B2EA97171D87} = {77B7F2AB-4A09-42D4-B3BE-740F663B62AD}
		{C74DD2EA-1FEA-461E-BF7F-0133D1BEB4FC} = {77B7F2AB-4A09-42D4-B3BE-740F663B62AD}
		{CC7697F7-8D31-418E-83F6-E65FE7403091} = {77B7F2AB-4A09-42D4-B3BE-740F663B62AD}
		{218E6C45-0403-473A-903E-6E3BF653E46A} = {77B7F2AB-4A09-42D4-B3BE-740F663B62AD}
		{92FE7735-86FD-448F-9461-620CCC9F7EE8} = {77B7F2AB-4A09-42D4-B3BE-740F663B62AD}
		{EE3A5316-A6ED-44D5-BE2B-17F608FDB630} = {77B7F2AB-4A09-42D4-B3BE-740F663B62AD}
		{E56E017B-1948-437E-98A6-513CEB0E2987} = {77B7F2AB-4A09-42D4-B3BE-740F663B62AD}
		{172E7DC6-1ABA-4403-99D7-7636C190529E} = {77B7F2AB-4A09-42D4-B3BE-740F663B62AD}
		{40E9C93A-6C6D-40B2-BEF8-1D17D918F594} = {77B7F2AB-4A09-42D4-B3BE-740F663B62AD}
		{DD8272F7-BEEC-44ED-A0E6-79EAEF4E1D11} = {77B7F2AB-4A09-42D4-B3BE-740F663B62AD}
		{705F078A-25C9-471F-97D5-372A1ECB1BB7} = {77B7F2AB-4A09-42D4-B3BE-740F663B62AD}
		{EABF4207-D767-46EF-B9DF-222ECD1B0CB5} = {77B7F2AB-4A09-42D4-B3BE-740F663B62AD}
		{A1688D9A-BF4D-4B9C-AEF7-D9F6608CEF16} = {77B7F2AB-4A09-42D4-B3BE-740F663B62AD}
		{FE3CDCD2-EB96-4093-A9AA-743FF9C884B3} = {77B7F2AB-4A09-42D4-B3BE-740F663B62AD}
		{BBD11433-013E-44BA-846D-78873B61D028} = {77B7F2AB-4A09-42D4-B3BE-740F663B62AD}
		{6184C578-AC2F-4684-BCBE-A7D90A44CD1C} = {77B7F2AB-4A09-42D4-B3BE-740F663B62AD}
		{A5924CA7-422B-4FE9-AD01-66E3F0634B2F} = {77B7F2AB-4A09-42D4-B3BE-740F663B62AD}
		{CE38F47F-4BBC-46CB-A575-1608D047F5E4} = {77B7F2AB-4A09-42D4-B3BE-740F663B62AD}
		{7B95FB40-CB8E-42C4-B024-67BD880F197F} = {77B7F2AB-4A09-42D4-B3BE-740F663B62AD}
		{764BF9B6-A0FB-4D8F-BAE0-BDB94642EC79} = {77B7F2AB-4A09-42D4-B3BE-740F663B62AD}
		{E0DF5AF3-E85F-4557-8B54-4DCE5358DF87} = {77B7F2AB-4A09-42D4-B3BE-740F663B62AD}
		{5324AC97-70CD-465D-8548-0F56A615A25A} = {77B7F2AB-4A09-42D4-B3BE-740F663B62AD}
		{445F3509-660B-4054-A2B3-BBC30B00F966} = {77B7F2AB-4A09-42D4-B3BE-740F663B62AD}
		{AC62CE0E-0F09-4A92-BCF0-4E21E72CEEED} = {77B7F2AB-4A09-42D4-B3BE-740F663B62AD}
		{2D862AEB-1725-421C-AF5B-802ADDFCFE4B} = {77B7F2AB-4A09-42D4-B3BE-740F663B62AD}
		{C60D0539-F1BC-495B-A463-CE66CF99142F} = {77B7F2AB-4A09-42D4-B3BE-740F663B62AD}
		{25EDC8C9-6E04-4E3F-88DE-597B36548086} = {C60D0539-F1BC-495B-A463-CE66CF99142F}
	EndGlobalSection
EndGlobal
