
Microsoft Visual Studio Solution File, Format Version 12.00
# Visual Studio Version 17
VisualStudioVersion = 17.0.31903.59
MinimumVisualStudioVersion = 10.0.40219.1
Project("{2150E333-8FDC-42A3-9474-1A3956D46DE8}") = "JIT", "JIT", "{FBFDA386-DBF1-4801-B30C-B5D37D505628}"
EndProject
Project("{FAE04EC0-301F-11D3-BF4B-00C04F79EFBC}") = "Eq1", "JIT\CodeGenBringUpTests\Eq1.csproj", "{0386CD71-57F2-48BA-B5CD-7AF8FEBD904F}"
EndProject
Project("{FAE04EC0-301F-11D3-BF4B-00C04F79EFBC}") = "Gcd", "JIT\CodeGenBringUpTests\Gcd.csproj", "{A3D4DFCC-0A2A-4E21-BC8E-5B360E373490}"
EndProject
Project("{FAE04EC0-301F-11D3-BF4B-00C04F79EFBC}") = "Ge1", "JIT\CodeGenBringUpTests\Ge1.csproj", "{634BE5CB-1138-4692-8CF6-5906399A1235}"
EndProject
Project("{FAE04EC0-301F-11D3-BF4B-00C04F79EFBC}") = "Gt1", "JIT\CodeGenBringUpTests\Gt1.csproj", "{60428344-C7A6-4D7A-9FA1-DCDAC155C8CA}"
EndProject
Project("{FAE04EC0-301F-11D3-BF4B-00C04F79EFBC}") = "Le1", "JIT\CodeGenBringUpTests\Le1.csproj", "{FDC38860-7F86-41BF-86FE-CC5A4E5B80D4}"
EndProject
Project("{FAE04EC0-301F-11D3-BF4B-00C04F79EFBC}") = "Lt1", "JIT\CodeGenBringUpTests\Lt1.csproj", "{689F0400-68D3-4ABB-B836-C7790F63771E}"
EndProject
Project("{FAE04EC0-301F-11D3-BF4B-00C04F79EFBC}") = "Ne1", "JIT\CodeGenBringUpTests\Ne1.csproj", "{89A3D3F8-7EE3-40CC-BCAD-C5500901409F}"
EndProject
Project("{FAE04EC0-301F-11D3-BF4B-00C04F79EFBC}") = "Or1", "JIT\CodeGenBringUpTests\Or1.csproj", "{BCBFB749-4D8A-40E7-89AC-CD94DF1898D4}"
EndProject
Project("{FAE04EC0-301F-11D3-BF4B-00C04F79EFBC}") = "Add1", "JIT\CodeGenBringUpTests\Add1.csproj", "{14A87882-FC0C-439D-991E-110590D479DC}"
EndProject
Project("{FAE04EC0-301F-11D3-BF4B-00C04F79EFBC}") = "And1", "JIT\CodeGenBringUpTests\And1.csproj", "{C2C05B12-3332-49FB-91FC-B2B97B443219}"
EndProject
Project("{FAE04EC0-301F-11D3-BF4B-00C04F79EFBC}") = "div1", "JIT\CodeGenBringUpTests\div1.csproj", "{BF0AC340-F7EC-4B9D-AA52-14C64E32A967}"
EndProject
Project("{FAE04EC0-301F-11D3-BF4B-00C04F79EFBC}") = "Ind1", "JIT\CodeGenBringUpTests\Ind1.csproj", "{CF1B1EA5-64C3-4D86-9759-AD7DF8EEAF44}"
EndProject
Project("{FAE04EC0-301F-11D3-BF4B-00C04F79EFBC}") = "Jmp1", "JIT\CodeGenBringUpTests\Jmp1.csproj", "{6C664FAD-4470-4A52-9A5F-3D7C63F2BEE1}"
EndProject
Project("{FAE04EC0-301F-11D3-BF4B-00C04F79EFBC}") = "mul1", "JIT\CodeGenBringUpTests\mul1.csproj", "{81FDCA24-6CF8-46AF-9537-7E4F659A1240}"
EndProject
Project("{FAE04EC0-301F-11D3-BF4B-00C04F79EFBC}") = "mul2", "JIT\CodeGenBringUpTests\mul2.csproj", "{9889CA41-D5DF-4197-953F-A1C6657D4176}"
EndProject
Project("{FAE04EC0-301F-11D3-BF4B-00C04F79EFBC}") = "mul3", "JIT\CodeGenBringUpTests\mul3.csproj", "{934982EE-E44C-464F-A716-5D20582A7F7B}"
EndProject
Project("{FAE04EC0-301F-11D3-BF4B-00C04F79EFBC}") = "mul4", "JIT\CodeGenBringUpTests\mul4.csproj", "{13FEC7FD-7BFB-4A73-873C-50D1C506B961}"
EndProject
Project("{FAE04EC0-301F-11D3-BF4B-00C04F79EFBC}") = "rem1", "JIT\CodeGenBringUpTests\rem1.csproj", "{1733A90F-1D68-428C-B860-EE162E94D568}"
EndProject
Project("{FAE04EC0-301F-11D3-BF4B-00C04F79EFBC}") = "Sub1", "JIT\CodeGenBringUpTests\Sub1.csproj", "{FB66075B-F0C2-41E8-9196-2C37DE645F56}"
EndProject
Project("{FAE04EC0-301F-11D3-BF4B-00C04F79EFBC}") = "Swap", "JIT\CodeGenBringUpTests\Swap.csproj", "{6DC685C3-C9CA-463C-BD34-73DB861FF8E3}"
EndProject
Project("{FAE04EC0-301F-11D3-BF4B-00C04F79EFBC}") = "Xor1", "JIT\CodeGenBringUpTests\Xor1.csproj", "{88FE0E58-1975-47FD-8CCA-E549349851D7}"
EndProject
Project("{FAE04EC0-301F-11D3-BF4B-00C04F79EFBC}") = "Args4", "JIT\CodeGenBringUpTests\Args4.csproj", "{520A1092-AAE3-4F5E-829D-27D9279F8016}"
EndProject
Project("{FAE04EC0-301F-11D3-BF4B-00C04F79EFBC}") = "Args5", "JIT\CodeGenBringUpTests\Args5.csproj", "{1C1E0DF3-1A43-4847-A856-9E19CA2B9799}"
EndProject
Project("{FAE04EC0-301F-11D3-BF4B-00C04F79EFBC}") = "Call1", "JIT\CodeGenBringUpTests\Call1.csproj", "{C667C541-CF16-4FB0-BED8-3C81DE0610FF}"
EndProject
Project("{FAE04EC0-301F-11D3-BF4B-00C04F79EFBC}") = "OrRef", "JIT\CodeGenBringUpTests\OrRef.csproj", "{3338F9DA-661A-4F0A-B9CD-7C0EB7F11EC3}"
EndProject
Project("{FAE04EC0-301F-11D3-BF4B-00C04F79EFBC}") = "Shift", "JIT\CodeGenBringUpTests\Shift.csproj", "{5257142F-F869-434D-ABA1-384FF93AA2FB}"
EndProject
Project("{FAE04EC0-301F-11D3-BF4B-00C04F79EFBC}") = "Unbox", "JIT\CodeGenBringUpTests\Unbox.csproj", "{5B974EF8-8CB5-45F1-883D-29D2B05793B6}"
EndProject
Project("{FAE04EC0-301F-11D3-BF4B-00C04F79EFBC}") = "addref", "JIT\CodeGenBringUpTests\addref.csproj", "{140A1971-512A-4D42-8BED-66A1E9729F6E}"
EndProject
Project("{FAE04EC0-301F-11D3-BF4B-00C04F79EFBC}") = "AndRef", "JIT\CodeGenBringUpTests\AndRef.csproj", "{60189C38-BCC6-4FE5-8BB8-6EA6254D3BDC}"
EndProject
Project("{FAE04EC0-301F-11D3-BF4B-00C04F79EFBC}") = "Array1", "JIT\CodeGenBringUpTests\Array1.csproj", "{4378BBA4-DBB1-4CCC-B71C-12F75B947872}"
EndProject
Project("{FAE04EC0-301F-11D3-BF4B-00C04F79EFBC}") = "Array2", "JIT\CodeGenBringUpTests\Array2.csproj", "{30935762-300E-4461-A600-AD755BCA656E}"
EndProject
Project("{FAE04EC0-301F-11D3-BF4B-00C04F79EFBC}") = "Array3", "JIT\CodeGenBringUpTests\Array3.csproj", "{46B0CDAB-DDC9-4C01-9BEB-EC7AD4DC1495}"
EndProject
Project("{FAE04EC0-301F-11D3-BF4B-00C04F79EFBC}") = "Array4", "JIT\CodeGenBringUpTests\Array4.csproj", "{F4DDBE48-F2B0-49E1-A97B-70C39F19C605}"
EndProject
Project("{FAE04EC0-301F-11D3-BF4B-00C04F79EFBC}") = "AsgOr1", "JIT\CodeGenBringUpTests\AsgOr1.csproj", "{528C4EE5-A5D8-41DD-8745-B231BE1F948C}"
EndProject
Project("{FAE04EC0-301F-11D3-BF4B-00C04F79EFBC}") = "divref", "JIT\CodeGenBringUpTests\divref.csproj", "{C0564058-2715-4232-B77F-8AA1952A7171}"
EndProject
Project("{FAE04EC0-301F-11D3-BF4B-00C04F79EFBC}") = "JTrue1", "JIT\CodeGenBringUpTests\JTrue1.csproj", "{B0BBE03F-B650-40ED-B1FC-AE767DBA8726}"
EndProject
Project("{FAE04EC0-301F-11D3-BF4B-00C04F79EFBC}") = "NegRMW", "JIT\CodeGenBringUpTests\NegRMW.csproj", "{9C569482-0C65-4EA6-8FC8-1570BD449F4C}"
EndProject
Project("{FAE04EC0-301F-11D3-BF4B-00C04F79EFBC}") = "NotRMW", "JIT\CodeGenBringUpTests\NotRMW.csproj", "{304CE071-D07C-4AEC-851F-23EB3527D35A}"
EndProject
Project("{FAE04EC0-301F-11D3-BF4B-00C04F79EFBC}") = "Rotate", "JIT\CodeGenBringUpTests\Rotate.csproj", "{599B6867-814C-4285-B15E-E158E5652361}"
EndProject
Project("{FAE04EC0-301F-11D3-BF4B-00C04F79EFBC}") = "SubRef", "JIT\CodeGenBringUpTests\SubRef.csproj", "{4FF94313-7EEC-4D19-9F92-43CADE3C4B19}"
EndProject
Project("{FAE04EC0-301F-11D3-BF4B-00C04F79EFBC}") = "Switch", "JIT\CodeGenBringUpTests\Switch.csproj", "{08C79C5F-7C72-42B6-A6D5-952DE5D5FE80}"
EndProject
Project("{FAE04EC0-301F-11D3-BF4B-00C04F79EFBC}") = "XorRef", "JIT\CodeGenBringUpTests\XorRef.csproj", "{B119D6BE-DB04-45EC-8A17-E0397C2EC6C5}"
EndProject
Project("{2150E333-8FDC-42A3-9474-1A3956D46DE8}") = "Directed", "Directed", "{9221335B-284F-49FB-BFF8-ED212EE27699}"
EndProject
Project("{FAE04EC0-301F-11D3-BF4B-00C04F79EFBC}") = "BitTest", "JIT\Directed\BitTest\BitTest.csproj", "{2FB2FB93-E13D-42B9-8B27-F54C2CBA965D}"
EndProject
Project("{FAE04EC0-301F-11D3-BF4B-00C04F79EFBC}") = "Int_No_Op", "JIT\Directed\cmov\Int_No_Op.csproj", "{B8165243-D3CF-48C2-AB6E-BACD9F6A9013}"
EndProject
Project("{FAE04EC0-301F-11D3-BF4B-00C04F79EFBC}") = "Int_Or_Op", "JIT\Directed\cmov\Int_Or_Op.csproj", "{2EC2B6DB-0196-4FB1-BBBD-A9CD2CCC711F}"
EndProject
Project("{FAE04EC0-301F-11D3-BF4B-00C04F79EFBC}") = "Bool_No_Op", "JIT\Directed\cmov\Bool_No_Op.csproj", "{C00BC82E-48E6-4FC3-AD53-A23454249A3F}"
EndProject
Project("{FAE04EC0-301F-11D3-BF4B-00C04F79EFBC}") = "Bool_Or_Op", "JIT\Directed\cmov\Bool_Or_Op.csproj", "{BAC72593-C5DA-478D-AAEB-2C7325C3FE40}"
EndProject
Project("{FAE04EC0-301F-11D3-BF4B-00C04F79EFBC}") = "Int_And_Op", "JIT\Directed\cmov\Int_And_Op.csproj", "{9DE6D239-B32B-4127-B06A-F4E5912BCAB5}"
EndProject
Project("{FAE04EC0-301F-11D3-BF4B-00C04F79EFBC}") = "Int_Xor_Op", "JIT\Directed\cmov\Int_Xor_Op.csproj", "{A0F79E2D-33D8-45C6-B99C-A9F76E129148}"
EndProject
Project("{FAE04EC0-301F-11D3-BF4B-00C04F79EFBC}") = "Bool_And_Op", "JIT\Directed\cmov\Bool_And_Op.csproj", "{C53DDC0B-EB29-42A1-93BF-F636475C6369}"
EndProject
Project("{FAE04EC0-301F-11D3-BF4B-00C04F79EFBC}") = "Bool_Xor_Op", "JIT\Directed\cmov\Bool_Xor_Op.csproj", "{9953FFBE-15A2-4182-8DE7-D5E76141DE38}"
EndProject
Project("{FAE04EC0-301F-11D3-BF4B-00C04F79EFBC}") = "complex1", "JIT\Directed\Arrays\complex1.csproj", "{35777048-BBB2-41DB-AC9F-F08FAB914A81}"
EndProject
Project("{FAE04EC0-301F-11D3-BF4B-00C04F79EFBC}") = "simple1", "JIT\Directed\Arrays\simple1.csproj", "{EB648318-DBE8-42BC-B7CE-278A4A6542DD}"
EndProject
Global
	GlobalSection(SolutionConfigurationPlatforms) = preSolution
		Debug|Any CPU = Debug|Any CPU
		Release|Any CPU = Release|Any CPU
	EndGlobalSection
	GlobalSection(SolutionProperties) = preSolution
		HideSolutionNode = FALSE
	EndGlobalSection
	GlobalSection(ProjectConfigurationPlatforms) = postSolution
		{0386CD71-57F2-48BA-B5CD-7AF8FEBD904F}.Debug|Any CPU.ActiveCfg = Debug|Any CPU
		{0386CD71-57F2-48BA-B5CD-7AF8FEBD904F}.Debug|Any CPU.Build.0 = Debug|Any CPU
		{0386CD71-57F2-48BA-B5CD-7AF8FEBD904F}.Release|Any CPU.ActiveCfg = Release|Any CPU
		{0386CD71-57F2-48BA-B5CD-7AF8FEBD904F}.Release|Any CPU.Build.0 = Release|Any CPU
		{A3D4DFCC-0A2A-4E21-BC8E-5B360E373490}.Debug|Any CPU.ActiveCfg = Debug|Any CPU
		{A3D4DFCC-0A2A-4E21-BC8E-5B360E373490}.Debug|Any CPU.Build.0 = Debug|Any CPU
		{A3D4DFCC-0A2A-4E21-BC8E-5B360E373490}.Release|Any CPU.ActiveCfg = Release|Any CPU
		{A3D4DFCC-0A2A-4E21-BC8E-5B360E373490}.Release|Any CPU.Build.0 = Release|Any CPU
		{634BE5CB-1138-4692-8CF6-5906399A1235}.Debug|Any CPU.ActiveCfg = Debug|Any CPU
		{634BE5CB-1138-4692-8CF6-5906399A1235}.Debug|Any CPU.Build.0 = Debug|Any CPU
		{634BE5CB-1138-4692-8CF6-5906399A1235}.Release|Any CPU.ActiveCfg = Release|Any CPU
		{634BE5CB-1138-4692-8CF6-5906399A1235}.Release|Any CPU.Build.0 = Release|Any CPU
		{60428344-C7A6-4D7A-9FA1-DCDAC155C8CA}.Debug|Any CPU.ActiveCfg = Debug|Any CPU
		{60428344-C7A6-4D7A-9FA1-DCDAC155C8CA}.Debug|Any CPU.Build.0 = Debug|Any CPU
		{60428344-C7A6-4D7A-9FA1-DCDAC155C8CA}.Release|Any CPU.ActiveCfg = Release|Any CPU
		{60428344-C7A6-4D7A-9FA1-DCDAC155C8CA}.Release|Any CPU.Build.0 = Release|Any CPU
		{FDC38860-7F86-41BF-86FE-CC5A4E5B80D4}.Debug|Any CPU.ActiveCfg = Debug|Any CPU
		{FDC38860-7F86-41BF-86FE-CC5A4E5B80D4}.Debug|Any CPU.Build.0 = Debug|Any CPU
		{FDC38860-7F86-41BF-86FE-CC5A4E5B80D4}.Release|Any CPU.ActiveCfg = Release|Any CPU
		{FDC38860-7F86-41BF-86FE-CC5A4E5B80D4}.Release|Any CPU.Build.0 = Release|Any CPU
		{689F0400-68D3-4ABB-B836-C7790F63771E}.Debug|Any CPU.ActiveCfg = Debug|Any CPU
		{689F0400-68D3-4ABB-B836-C7790F63771E}.Debug|Any CPU.Build.0 = Debug|Any CPU
		{689F0400-68D3-4ABB-B836-C7790F63771E}.Release|Any CPU.ActiveCfg = Release|Any CPU
		{689F0400-68D3-4ABB-B836-C7790F63771E}.Release|Any CPU.Build.0 = Release|Any CPU
		{89A3D3F8-7EE3-40CC-BCAD-C5500901409F}.Debug|Any CPU.ActiveCfg = Debug|Any CPU
		{89A3D3F8-7EE3-40CC-BCAD-C5500901409F}.Debug|Any CPU.Build.0 = Debug|Any CPU
		{89A3D3F8-7EE3-40CC-BCAD-C5500901409F}.Release|Any CPU.ActiveCfg = Release|Any CPU
		{89A3D3F8-7EE3-40CC-BCAD-C5500901409F}.Release|Any CPU.Build.0 = Release|Any CPU
		{BCBFB749-4D8A-40E7-89AC-CD94DF1898D4}.Debug|Any CPU.ActiveCfg = Debug|Any CPU
		{BCBFB749-4D8A-40E7-89AC-CD94DF1898D4}.Debug|Any CPU.Build.0 = Debug|Any CPU
		{BCBFB749-4D8A-40E7-89AC-CD94DF1898D4}.Release|Any CPU.ActiveCfg = Release|Any CPU
		{BCBFB749-4D8A-40E7-89AC-CD94DF1898D4}.Release|Any CPU.Build.0 = Release|Any CPU
		{14A87882-FC0C-439D-991E-110590D479DC}.Debug|Any CPU.ActiveCfg = Debug|Any CPU
		{14A87882-FC0C-439D-991E-110590D479DC}.Debug|Any CPU.Build.0 = Debug|Any CPU
		{14A87882-FC0C-439D-991E-110590D479DC}.Release|Any CPU.ActiveCfg = Release|Any CPU
		{14A87882-FC0C-439D-991E-110590D479DC}.Release|Any CPU.Build.0 = Release|Any CPU
		{C2C05B12-3332-49FB-91FC-B2B97B443219}.Debug|Any CPU.ActiveCfg = Debug|Any CPU
		{C2C05B12-3332-49FB-91FC-B2B97B443219}.Debug|Any CPU.Build.0 = Debug|Any CPU
		{C2C05B12-3332-49FB-91FC-B2B97B443219}.Release|Any CPU.ActiveCfg = Release|Any CPU
		{C2C05B12-3332-49FB-91FC-B2B97B443219}.Release|Any CPU.Build.0 = Release|Any CPU
		{BF0AC340-F7EC-4B9D-AA52-14C64E32A967}.Debug|Any CPU.ActiveCfg = Debug|Any CPU
		{BF0AC340-F7EC-4B9D-AA52-14C64E32A967}.Debug|Any CPU.Build.0 = Debug|Any CPU
		{BF0AC340-F7EC-4B9D-AA52-14C64E32A967}.Release|Any CPU.ActiveCfg = Release|Any CPU
		{BF0AC340-F7EC-4B9D-AA52-14C64E32A967}.Release|Any CPU.Build.0 = Release|Any CPU
		{CF1B1EA5-64C3-4D86-9759-AD7DF8EEAF44}.Debug|Any CPU.ActiveCfg = Debug|Any CPU
		{CF1B1EA5-64C3-4D86-9759-AD7DF8EEAF44}.Debug|Any CPU.Build.0 = Debug|Any CPU
		{CF1B1EA5-64C3-4D86-9759-AD7DF8EEAF44}.Release|Any CPU.ActiveCfg = Release|Any CPU
		{CF1B1EA5-64C3-4D86-9759-AD7DF8EEAF44}.Release|Any CPU.Build.0 = Release|Any CPU
		{6C664FAD-4470-4A52-9A5F-3D7C63F2BEE1}.Debug|Any CPU.ActiveCfg = Debug|Any CPU
		{6C664FAD-4470-4A52-9A5F-3D7C63F2BEE1}.Debug|Any CPU.Build.0 = Debug|Any CPU
		{6C664FAD-4470-4A52-9A5F-3D7C63F2BEE1}.Release|Any CPU.ActiveCfg = Release|Any CPU
		{6C664FAD-4470-4A52-9A5F-3D7C63F2BEE1}.Release|Any CPU.Build.0 = Release|Any CPU
		{81FDCA24-6CF8-46AF-9537-7E4F659A1240}.Debug|Any CPU.ActiveCfg = Debug|Any CPU
		{81FDCA24-6CF8-46AF-9537-7E4F659A1240}.Debug|Any CPU.Build.0 = Debug|Any CPU
		{81FDCA24-6CF8-46AF-9537-7E4F659A1240}.Release|Any CPU.ActiveCfg = Release|Any CPU
		{81FDCA24-6CF8-46AF-9537-7E4F659A1240}.Release|Any CPU.Build.0 = Release|Any CPU
		{9889CA41-D5DF-4197-953F-A1C6657D4176}.Debug|Any CPU.ActiveCfg = Debug|Any CPU
		{9889CA41-D5DF-4197-953F-A1C6657D4176}.Debug|Any CPU.Build.0 = Debug|Any CPU
		{9889CA41-D5DF-4197-953F-A1C6657D4176}.Release|Any CPU.ActiveCfg = Release|Any CPU
		{9889CA41-D5DF-4197-953F-A1C6657D4176}.Release|Any CPU.Build.0 = Release|Any CPU
		{934982EE-E44C-464F-A716-5D20582A7F7B}.Debug|Any CPU.ActiveCfg = Debug|Any CPU
		{934982EE-E44C-464F-A716-5D20582A7F7B}.Debug|Any CPU.Build.0 = Debug|Any CPU
		{934982EE-E44C-464F-A716-5D20582A7F7B}.Release|Any CPU.ActiveCfg = Release|Any CPU
		{934982EE-E44C-464F-A716-5D20582A7F7B}.Release|Any CPU.Build.0 = Release|Any CPU
		{13FEC7FD-7BFB-4A73-873C-50D1C506B961}.Debug|Any CPU.ActiveCfg = Debug|Any CPU
		{13FEC7FD-7BFB-4A73-873C-50D1C506B961}.Debug|Any CPU.Build.0 = Debug|Any CPU
		{13FEC7FD-7BFB-4A73-873C-50D1C506B961}.Release|Any CPU.ActiveCfg = Release|Any CPU
		{13FEC7FD-7BFB-4A73-873C-50D1C506B961}.Release|Any CPU.Build.0 = Release|Any CPU
		{1733A90F-1D68-428C-B860-EE162E94D568}.Debug|Any CPU.ActiveCfg = Debug|Any CPU
		{1733A90F-1D68-428C-B860-EE162E94D568}.Debug|Any CPU.Build.0 = Debug|Any CPU
		{1733A90F-1D68-428C-B860-EE162E94D568}.Release|Any CPU.ActiveCfg = Release|Any CPU
		{1733A90F-1D68-428C-B860-EE162E94D568}.Release|Any CPU.Build.0 = Release|Any CPU
		{FB66075B-F0C2-41E8-9196-2C37DE645F56}.Debug|Any CPU.ActiveCfg = Debug|Any CPU
		{FB66075B-F0C2-41E8-9196-2C37DE645F56}.Debug|Any CPU.Build.0 = Debug|Any CPU
		{FB66075B-F0C2-41E8-9196-2C37DE645F56}.Release|Any CPU.ActiveCfg = Release|Any CPU
		{FB66075B-F0C2-41E8-9196-2C37DE645F56}.Release|Any CPU.Build.0 = Release|Any CPU
		{6DC685C3-C9CA-463C-BD34-73DB861FF8E3}.Debug|Any CPU.ActiveCfg = Debug|Any CPU
		{6DC685C3-C9CA-463C-BD34-73DB861FF8E3}.Debug|Any CPU.Build.0 = Debug|Any CPU
		{6DC685C3-C9CA-463C-BD34-73DB861FF8E3}.Release|Any CPU.ActiveCfg = Release|Any CPU
		{6DC685C3-C9CA-463C-BD34-73DB861FF8E3}.Release|Any CPU.Build.0 = Release|Any CPU
		{88FE0E58-1975-47FD-8CCA-E549349851D7}.Debug|Any CPU.ActiveCfg = Debug|Any CPU
		{88FE0E58-1975-47FD-8CCA-E549349851D7}.Debug|Any CPU.Build.0 = Debug|Any CPU
		{88FE0E58-1975-47FD-8CCA-E549349851D7}.Release|Any CPU.ActiveCfg = Release|Any CPU
		{88FE0E58-1975-47FD-8CCA-E549349851D7}.Release|Any CPU.Build.0 = Release|Any CPU
		{520A1092-AAE3-4F5E-829D-27D9279F8016}.Debug|Any CPU.ActiveCfg = Debug|Any CPU
		{520A1092-AAE3-4F5E-829D-27D9279F8016}.Debug|Any CPU.Build.0 = Debug|Any CPU
		{520A1092-AAE3-4F5E-829D-27D9279F8016}.Release|Any CPU.ActiveCfg = Release|Any CPU
		{520A1092-AAE3-4F5E-829D-27D9279F8016}.Release|Any CPU.Build.0 = Release|Any CPU
		{1C1E0DF3-1A43-4847-A856-9E19CA2B9799}.Debug|Any CPU.ActiveCfg = Debug|Any CPU
		{1C1E0DF3-1A43-4847-A856-9E19CA2B9799}.Debug|Any CPU.Build.0 = Debug|Any CPU
		{1C1E0DF3-1A43-4847-A856-9E19CA2B9799}.Release|Any CPU.ActiveCfg = Release|Any CPU
		{1C1E0DF3-1A43-4847-A856-9E19CA2B9799}.Release|Any CPU.Build.0 = Release|Any CPU
		{C667C541-CF16-4FB0-BED8-3C81DE0610FF}.Debug|Any CPU.ActiveCfg = Debug|Any CPU
		{C667C541-CF16-4FB0-BED8-3C81DE0610FF}.Debug|Any CPU.Build.0 = Debug|Any CPU
		{C667C541-CF16-4FB0-BED8-3C81DE0610FF}.Release|Any CPU.ActiveCfg = Release|Any CPU
		{C667C541-CF16-4FB0-BED8-3C81DE0610FF}.Release|Any CPU.Build.0 = Release|Any CPU
		{3338F9DA-661A-4F0A-B9CD-7C0EB7F11EC3}.Debug|Any CPU.ActiveCfg = Debug|Any CPU
		{3338F9DA-661A-4F0A-B9CD-7C0EB7F11EC3}.Debug|Any CPU.Build.0 = Debug|Any CPU
		{3338F9DA-661A-4F0A-B9CD-7C0EB7F11EC3}.Release|Any CPU.ActiveCfg = Release|Any CPU
		{3338F9DA-661A-4F0A-B9CD-7C0EB7F11EC3}.Release|Any CPU.Build.0 = Release|Any CPU
		{5257142F-F869-434D-ABA1-384FF93AA2FB}.Debug|Any CPU.ActiveCfg = Debug|Any CPU
		{5257142F-F869-434D-ABA1-384FF93AA2FB}.Debug|Any CPU.Build.0 = Debug|Any CPU
		{5257142F-F869-434D-ABA1-384FF93AA2FB}.Release|Any CPU.ActiveCfg = Release|Any CPU
		{5257142F-F869-434D-ABA1-384FF93AA2FB}.Release|Any CPU.Build.0 = Release|Any CPU
		{5B974EF8-8CB5-45F1-883D-29D2B05793B6}.Debug|Any CPU.ActiveCfg = Debug|Any CPU
		{5B974EF8-8CB5-45F1-883D-29D2B05793B6}.Debug|Any CPU.Build.0 = Debug|Any CPU
		{5B974EF8-8CB5-45F1-883D-29D2B05793B6}.Release|Any CPU.ActiveCfg = Release|Any CPU
		{5B974EF8-8CB5-45F1-883D-29D2B05793B6}.Release|Any CPU.Build.0 = Release|Any CPU
		{140A1971-512A-4D42-8BED-66A1E9729F6E}.Debug|Any CPU.ActiveCfg = Debug|Any CPU
		{140A1971-512A-4D42-8BED-66A1E9729F6E}.Debug|Any CPU.Build.0 = Debug|Any CPU
		{140A1971-512A-4D42-8BED-66A1E9729F6E}.Release|Any CPU.ActiveCfg = Release|Any CPU
		{140A1971-512A-4D42-8BED-66A1E9729F6E}.Release|Any CPU.Build.0 = Release|Any CPU
		{60189C38-BCC6-4FE5-8BB8-6EA6254D3BDC}.Debug|Any CPU.ActiveCfg = Debug|Any CPU
		{60189C38-BCC6-4FE5-8BB8-6EA6254D3BDC}.Debug|Any CPU.Build.0 = Debug|Any CPU
		{60189C38-BCC6-4FE5-8BB8-6EA6254D3BDC}.Release|Any CPU.ActiveCfg = Release|Any CPU
		{60189C38-BCC6-4FE5-8BB8-6EA6254D3BDC}.Release|Any CPU.Build.0 = Release|Any CPU
		{4378BBA4-DBB1-4CCC-B71C-12F75B947872}.Debug|Any CPU.ActiveCfg = Debug|Any CPU
		{4378BBA4-DBB1-4CCC-B71C-12F75B947872}.Debug|Any CPU.Build.0 = Debug|Any CPU
		{4378BBA4-DBB1-4CCC-B71C-12F75B947872}.Release|Any CPU.ActiveCfg = Release|Any CPU
		{4378BBA4-DBB1-4CCC-B71C-12F75B947872}.Release|Any CPU.Build.0 = Release|Any CPU
		{30935762-300E-4461-A600-AD755BCA656E}.Debug|Any CPU.ActiveCfg = Debug|Any CPU
		{30935762-300E-4461-A600-AD755BCA656E}.Debug|Any CPU.Build.0 = Debug|Any CPU
		{30935762-300E-4461-A600-AD755BCA656E}.Release|Any CPU.ActiveCfg = Release|Any CPU
		{30935762-300E-4461-A600-AD755BCA656E}.Release|Any CPU.Build.0 = Release|Any CPU
		{46B0CDAB-DDC9-4C01-9BEB-EC7AD4DC1495}.Debug|Any CPU.ActiveCfg = Debug|Any CPU
		{46B0CDAB-DDC9-4C01-9BEB-EC7AD4DC1495}.Debug|Any CPU.Build.0 = Debug|Any CPU
		{46B0CDAB-DDC9-4C01-9BEB-EC7AD4DC1495}.Release|Any CPU.ActiveCfg = Release|Any CPU
		{46B0CDAB-DDC9-4C01-9BEB-EC7AD4DC1495}.Release|Any CPU.Build.0 = Release|Any CPU
		{F4DDBE48-F2B0-49E1-A97B-70C39F19C605}.Debug|Any CPU.ActiveCfg = Debug|Any CPU
		{F4DDBE48-F2B0-49E1-A97B-70C39F19C605}.Debug|Any CPU.Build.0 = Debug|Any CPU
		{F4DDBE48-F2B0-49E1-A97B-70C39F19C605}.Release|Any CPU.ActiveCfg = Release|Any CPU
		{F4DDBE48-F2B0-49E1-A97B-70C39F19C605}.Release|Any CPU.Build.0 = Release|Any CPU
		{528C4EE5-A5D8-41DD-8745-B231BE1F948C}.Debug|Any CPU.ActiveCfg = Debug|Any CPU
		{528C4EE5-A5D8-41DD-8745-B231BE1F948C}.Debug|Any CPU.Build.0 = Debug|Any CPU
		{528C4EE5-A5D8-41DD-8745-B231BE1F948C}.Release|Any CPU.ActiveCfg = Release|Any CPU
		{528C4EE5-A5D8-41DD-8745-B231BE1F948C}.Release|Any CPU.Build.0 = Release|Any CPU
		{C0564058-2715-4232-B77F-8AA1952A7171}.Debug|Any CPU.ActiveCfg = Debug|Any CPU
		{C0564058-2715-4232-B77F-8AA1952A7171}.Debug|Any CPU.Build.0 = Debug|Any CPU
		{C0564058-2715-4232-B77F-8AA1952A7171}.Release|Any CPU.ActiveCfg = Release|Any CPU
		{C0564058-2715-4232-B77F-8AA1952A7171}.Release|Any CPU.Build.0 = Release|Any CPU
		{B0BBE03F-B650-40ED-B1FC-AE767DBA8726}.Debug|Any CPU.ActiveCfg = Debug|Any CPU
		{B0BBE03F-B650-40ED-B1FC-AE767DBA8726}.Debug|Any CPU.Build.0 = Debug|Any CPU
		{B0BBE03F-B650-40ED-B1FC-AE767DBA8726}.Release|Any CPU.ActiveCfg = Release|Any CPU
		{B0BBE03F-B650-40ED-B1FC-AE767DBA8726}.Release|Any CPU.Build.0 = Release|Any CPU
		{9C569482-0C65-4EA6-8FC8-1570BD449F4C}.Debug|Any CPU.ActiveCfg = Debug|Any CPU
		{9C569482-0C65-4EA6-8FC8-1570BD449F4C}.Debug|Any CPU.Build.0 = Debug|Any CPU
		{9C569482-0C65-4EA6-8FC8-1570BD449F4C}.Release|Any CPU.ActiveCfg = Release|Any CPU
		{9C569482-0C65-4EA6-8FC8-1570BD449F4C}.Release|Any CPU.Build.0 = Release|Any CPU
		{304CE071-D07C-4AEC-851F-23EB3527D35A}.Debug|Any CPU.ActiveCfg = Debug|Any CPU
		{304CE071-D07C-4AEC-851F-23EB3527D35A}.Debug|Any CPU.Build.0 = Debug|Any CPU
		{304CE071-D07C-4AEC-851F-23EB3527D35A}.Release|Any CPU.ActiveCfg = Release|Any CPU
		{304CE071-D07C-4AEC-851F-23EB3527D35A}.Release|Any CPU.Build.0 = Release|Any CPU
		{599B6867-814C-4285-B15E-E158E5652361}.Debug|Any CPU.ActiveCfg = Debug|Any CPU
		{599B6867-814C-4285-B15E-E158E5652361}.Debug|Any CPU.Build.0 = Debug|Any CPU
		{599B6867-814C-4285-B15E-E158E5652361}.Release|Any CPU.ActiveCfg = Release|Any CPU
		{599B6867-814C-4285-B15E-E158E5652361}.Release|Any CPU.Build.0 = Release|Any CPU
		{4FF94313-7EEC-4D19-9F92-43CADE3C4B19}.Debug|Any CPU.ActiveCfg = Debug|Any CPU
		{4FF94313-7EEC-4D19-9F92-43CADE3C4B19}.Debug|Any CPU.Build.0 = Debug|Any CPU
		{4FF94313-7EEC-4D19-9F92-43CADE3C4B19}.Release|Any CPU.ActiveCfg = Release|Any CPU
		{4FF94313-7EEC-4D19-9F92-43CADE3C4B19}.Release|Any CPU.Build.0 = Release|Any CPU
		{08C79C5F-7C72-42B6-A6D5-952DE5D5FE80}.Debug|Any CPU.ActiveCfg = Debug|Any CPU
		{08C79C5F-7C72-42B6-A6D5-952DE5D5FE80}.Debug|Any CPU.Build.0 = Debug|Any CPU
		{08C79C5F-7C72-42B6-A6D5-952DE5D5FE80}.Release|Any CPU.ActiveCfg = Release|Any CPU
		{08C79C5F-7C72-42B6-A6D5-952DE5D5FE80}.Release|Any CPU.Build.0 = Release|Any CPU
		{B119D6BE-DB04-45EC-8A17-E0397C2EC6C5}.Debug|Any CPU.ActiveCfg = Debug|Any CPU
		{B119D6BE-DB04-45EC-8A17-E0397C2EC6C5}.Debug|Any CPU.Build.0 = Debug|Any CPU
		{B119D6BE-DB04-45EC-8A17-E0397C2EC6C5}.Release|Any CPU.ActiveCfg = Release|Any CPU
		{B119D6BE-DB04-45EC-8A17-E0397C2EC6C5}.Release|Any CPU.Build.0 = Release|Any CPU
		{2FB2FB93-E13D-42B9-8B27-F54C2CBA965D}.Debug|Any CPU.ActiveCfg = Debug|Any CPU
		{2FB2FB93-E13D-42B9-8B27-F54C2CBA965D}.Debug|Any CPU.Build.0 = Debug|Any CPU
		{2FB2FB93-E13D-42B9-8B27-F54C2CBA965D}.Release|Any CPU.ActiveCfg = Release|Any CPU
		{2FB2FB93-E13D-42B9-8B27-F54C2CBA965D}.Release|Any CPU.Build.0 = Release|Any CPU
		{B8165243-D3CF-48C2-AB6E-BACD9F6A9013}.Debug|Any CPU.ActiveCfg = Debug|Any CPU
		{B8165243-D3CF-48C2-AB6E-BACD9F6A9013}.Debug|Any CPU.Build.0 = Debug|Any CPU
		{B8165243-D3CF-48C2-AB6E-BACD9F6A9013}.Release|Any CPU.ActiveCfg = Release|Any CPU
		{B8165243-D3CF-48C2-AB6E-BACD9F6A9013}.Release|Any CPU.Build.0 = Release|Any CPU
		{2EC2B6DB-0196-4FB1-BBBD-A9CD2CCC711F}.Debug|Any CPU.ActiveCfg = Debug|Any CPU
		{2EC2B6DB-0196-4FB1-BBBD-A9CD2CCC711F}.Debug|Any CPU.Build.0 = Debug|Any CPU
		{2EC2B6DB-0196-4FB1-BBBD-A9CD2CCC711F}.Release|Any CPU.ActiveCfg = Release|Any CPU
		{2EC2B6DB-0196-4FB1-BBBD-A9CD2CCC711F}.Release|Any CPU.Build.0 = Release|Any CPU
		{C00BC82E-48E6-4FC3-AD53-A23454249A3F}.Debug|Any CPU.ActiveCfg = Debug|Any CPU
		{C00BC82E-48E6-4FC3-AD53-A23454249A3F}.Debug|Any CPU.Build.0 = Debug|Any CPU
		{C00BC82E-48E6-4FC3-AD53-A23454249A3F}.Release|Any CPU.ActiveCfg = Release|Any CPU
		{C00BC82E-48E6-4FC3-AD53-A23454249A3F}.Release|Any CPU.Build.0 = Release|Any CPU
		{BAC72593-C5DA-478D-AAEB-2C7325C3FE40}.Debug|Any CPU.ActiveCfg = Debug|Any CPU
		{BAC72593-C5DA-478D-AAEB-2C7325C3FE40}.Debug|Any CPU.Build.0 = Debug|Any CPU
		{BAC72593-C5DA-478D-AAEB-2C7325C3FE40}.Release|Any CPU.ActiveCfg = Release|Any CPU
		{BAC72593-C5DA-478D-AAEB-2C7325C3FE40}.Release|Any CPU.Build.0 = Release|Any CPU
		{9DE6D239-B32B-4127-B06A-F4E5912BCAB5}.Debug|Any CPU.ActiveCfg = Debug|Any CPU
		{9DE6D239-B32B-4127-B06A-F4E5912BCAB5}.Debug|Any CPU.Build.0 = Debug|Any CPU
		{9DE6D239-B32B-4127-B06A-F4E5912BCAB5}.Release|Any CPU.ActiveCfg = Release|Any CPU
		{9DE6D239-B32B-4127-B06A-F4E5912BCAB5}.Release|Any CPU.Build.0 = Release|Any CPU
		{A0F79E2D-33D8-45C6-B99C-A9F76E129148}.Debug|Any CPU.ActiveCfg = Debug|Any CPU
		{A0F79E2D-33D8-45C6-B99C-A9F76E129148}.Debug|Any CPU.Build.0 = Debug|Any CPU
		{A0F79E2D-33D8-45C6-B99C-A9F76E129148}.Release|Any CPU.ActiveCfg = Release|Any CPU
		{A0F79E2D-33D8-45C6-B99C-A9F76E129148}.Release|Any CPU.Build.0 = Release|Any CPU
		{C53DDC0B-EB29-42A1-93BF-F636475C6369}.Debug|Any CPU.ActiveCfg = Debug|Any CPU
		{C53DDC0B-EB29-42A1-93BF-F636475C6369}.Debug|Any CPU.Build.0 = Debug|Any CPU
		{C53DDC0B-EB29-42A1-93BF-F636475C6369}.Release|Any CPU.ActiveCfg = Release|Any CPU
		{C53DDC0B-EB29-42A1-93BF-F636475C6369}.Release|Any CPU.Build.0 = Release|Any CPU
		{9953FFBE-15A2-4182-8DE7-D5E76141DE38}.Debug|Any CPU.ActiveCfg = Debug|Any CPU
		{9953FFBE-15A2-4182-8DE7-D5E76141DE38}.Debug|Any CPU.Build.0 = Debug|Any CPU
		{9953FFBE-15A2-4182-8DE7-D5E76141DE38}.Release|Any CPU.ActiveCfg = Release|Any CPU
		{9953FFBE-15A2-4182-8DE7-D5E76141DE38}.Release|Any CPU.Build.0 = Release|Any CPU
		{35777048-BBB2-41DB-AC9F-F08FAB914A81}.Debug|Any CPU.ActiveCfg = Debug|Any CPU
		{35777048-BBB2-41DB-AC9F-F08FAB914A81}.Debug|Any CPU.Build.0 = Debug|Any CPU
		{35777048-BBB2-41DB-AC9F-F08FAB914A81}.Release|Any CPU.ActiveCfg = Release|Any CPU
		{35777048-BBB2-41DB-AC9F-F08FAB914A81}.Release|Any CPU.Build.0 = Release|Any CPU
		{EB648318-DBE8-42BC-B7CE-278A4A6542DD}.Debug|Any CPU.ActiveCfg = Debug|Any CPU
		{EB648318-DBE8-42BC-B7CE-278A4A6542DD}.Debug|Any CPU.Build.0 = Debug|Any CPU
		{EB648318-DBE8-42BC-B7CE-278A4A6542DD}.Release|Any CPU.ActiveCfg = Release|Any CPU
		{EB648318-DBE8-42BC-B7CE-278A4A6542DD}.Release|Any CPU.Build.0 = Release|Any CPU
	EndGlobalSection
	GlobalSection(NestedProjects) = preSolution
		{0386CD71-57F2-48BA-B5CD-7AF8FEBD904F} = {FBFDA386-DBF1-4801-B30C-B5D37D505628}
		{A3D4DFCC-0A2A-4E21-BC8E-5B360E373490} = {FBFDA386-DBF1-4801-B30C-B5D37D505628}
		{634BE5CB-1138-4692-8CF6-5906399A1235} = {FBFDA386-DBF1-4801-B30C-B5D37D505628}
		{60428344-C7A6-4D7A-9FA1-DCDAC155C8CA} = {FBFDA386-DBF1-4801-B30C-B5D37D505628}
		{FDC38860-7F86-41BF-86FE-CC5A4E5B80D4} = {FBFDA386-DBF1-4801-B30C-B5D37D505628}
		{689F0400-68D3-4ABB-B836-C7790F63771E} = {FBFDA386-DBF1-4801-B30C-B5D37D505628}
		{89A3D3F8-7EE3-40CC-BCAD-C5500901409F} = {FBFDA386-DBF1-4801-B30C-B5D37D505628}
		{BCBFB749-4D8A-40E7-89AC-CD94DF1898D4} = {FBFDA386-DBF1-4801-B30C-B5D37D505628}
		{14A87882-FC0C-439D-991E-110590D479DC} = {FBFDA386-DBF1-4801-B30C-B5D37D505628}
		{C2C05B12-3332-49FB-91FC-B2B97B443219} = {FBFDA386-DBF1-4801-B30C-B5D37D505628}
		{BF0AC340-F7EC-4B9D-AA52-14C64E32A967} = {FBFDA386-DBF1-4801-B30C-B5D37D505628}
		{CF1B1EA5-64C3-4D86-9759-AD7DF8EEAF44} = {FBFDA386-DBF1-4801-B30C-B5D37D505628}
		{6C664FAD-4470-4A52-9A5F-3D7C63F2BEE1} = {FBFDA386-DBF1-4801-B30C-B5D37D505628}
		{81FDCA24-6CF8-46AF-9537-7E4F659A1240} = {FBFDA386-DBF1-4801-B30C-B5D37D505628}
		{9889CA41-D5DF-4197-953F-A1C6657D4176} = {FBFDA386-DBF1-4801-B30C-B5D37D505628}
		{934982EE-E44C-464F-A716-5D20582A7F7B} = {FBFDA386-DBF1-4801-B30C-B5D37D505628}
		{13FEC7FD-7BFB-4A73-873C-50D1C506B961} = {FBFDA386-DBF1-4801-B30C-B5D37D505628}
		{1733A90F-1D68-428C-B860-EE162E94D568} = {FBFDA386-DBF1-4801-B30C-B5D37D505628}
		{FB66075B-F0C2-41E8-9196-2C37DE645F56} = {FBFDA386-DBF1-4801-B30C-B5D37D505628}
		{6DC685C3-C9CA-463C-BD34-73DB861FF8E3} = {FBFDA386-DBF1-4801-B30C-B5D37D505628}
		{88FE0E58-1975-47FD-8CCA-E549349851D7} = {FBFDA386-DBF1-4801-B30C-B5D37D505628}
		{520A1092-AAE3-4F5E-829D-27D9279F8016} = {FBFDA386-DBF1-4801-B30C-B5D37D505628}
		{1C1E0DF3-1A43-4847-A856-9E19CA2B9799} = {FBFDA386-DBF1-4801-B30C-B5D37D505628}
		{C667C541-CF16-4FB0-BED8-3C81DE0610FF} = {FBFDA386-DBF1-4801-B30C-B5D37D505628}
		{3338F9DA-661A-4F0A-B9CD-7C0EB7F11EC3} = {FBFDA386-DBF1-4801-B30C-B5D37D505628}
		{5257142F-F869-434D-ABA1-384FF93AA2FB} = {FBFDA386-DBF1-4801-B30C-B5D37D505628}
		{5B974EF8-8CB5-45F1-883D-29D2B05793B6} = {FBFDA386-DBF1-4801-B30C-B5D37D505628}
		{140A1971-512A-4D42-8BED-66A1E9729F6E} = {FBFDA386-DBF1-4801-B30C-B5D37D505628}
		{60189C38-BCC6-4FE5-8BB8-6EA6254D3BDC} = {FBFDA386-DBF1-4801-B30C-B5D37D505628}
		{4378BBA4-DBB1-4CCC-B71C-12F75B947872} = {FBFDA386-DBF1-4801-B30C-B5D37D505628}
		{30935762-300E-4461-A600-AD755BCA656E} = {FBFDA386-DBF1-4801-B30C-B5D37D505628}
		{46B0CDAB-DDC9-4C01-9BEB-EC7AD4DC1495} = {FBFDA386-DBF1-4801-B30C-B5D37D505628}
		{F4DDBE48-F2B0-49E1-A97B-70C39F19C605} = {FBFDA386-DBF1-4801-B30C-B5D37D505628}
		{528C4EE5-A5D8-41DD-8745-B231BE1F948C} = {FBFDA386-DBF1-4801-B30C-B5D37D505628}
		{C0564058-2715-4232-B77F-8AA1952A7171} = {FBFDA386-DBF1-4801-B30C-B5D37D505628}
		{B0BBE03F-B650-40ED-B1FC-AE767DBA8726} = {FBFDA386-DBF1-4801-B30C-B5D37D505628}
		{9C569482-0C65-4EA6-8FC8-1570BD449F4C} = {FBFDA386-DBF1-4801-B30C-B5D37D505628}
		{304CE071-D07C-4AEC-851F-23EB3527D35A} = {FBFDA386-DBF1-4801-B30C-B5D37D505628}
		{599B6867-814C-4285-B15E-E158E5652361} = {FBFDA386-DBF1-4801-B30C-B5D37D505628}
		{4FF94313-7EEC-4D19-9F92-43CADE3C4B19} = {FBFDA386-DBF1-4801-B30C-B5D37D505628}
		{08C79C5F-7C72-42B6-A6D5-952DE5D5FE80} = {FBFDA386-DBF1-4801-B30C-B5D37D505628}
		{B119D6BE-DB04-45EC-8A17-E0397C2EC6C5} = {FBFDA386-DBF1-4801-B30C-B5D37D505628}
		{9221335B-284F-49FB-BFF8-ED212EE27699} = {FBFDA386-DBF1-4801-B30C-B5D37D505628}
		{2FB2FB93-E13D-42B9-8B27-F54C2CBA965D} = {9221335B-284F-49FB-BFF8-ED212EE27699}
		{B8165243-D3CF-48C2-AB6E-BACD9F6A9013} = {9221335B-284F-49FB-BFF8-ED212EE27699}
		{2EC2B6DB-0196-4FB1-BBBD-A9CD2CCC711F} = {9221335B-284F-49FB-BFF8-ED212EE27699}
		{C00BC82E-48E6-4FC3-AD53-A23454249A3F} = {9221335B-284F-49FB-BFF8-ED212EE27699}
		{BAC72593-C5DA-478D-AAEB-2C7325C3FE40} = {9221335B-284F-49FB-BFF8-ED212EE27699}
		{9DE6D239-B32B-4127-B06A-F4E5912BCAB5} = {9221335B-284F-49FB-BFF8-ED212EE27699}
		{A0F79E2D-33D8-45C6-B99C-A9F76E129148} = {9221335B-284F-49FB-BFF8-ED212EE27699}
		{C53DDC0B-EB29-42A1-93BF-F636475C6369} = {9221335B-284F-49FB-BFF8-ED212EE27699}
		{9953FFBE-15A2-4182-8DE7-D5E76141DE38} = {9221335B-284F-49FB-BFF8-ED212EE27699}
		{35777048-BBB2-41DB-AC9F-F08FAB914A81} = {9221335B-284F-49FB-BFF8-ED212EE27699}
		{EB648318-DBE8-42BC-B7CE-278A4A6542DD} = {9221335B-284F-49FB-BFF8-ED212EE27699}
	EndGlobalSection
EndGlobal
