
Microsoft Visual Studio Solution File, Format Version 12.00
Project("{FAE04EC0-301F-11D3-BF4B-00C04F79EFBC}") = "Corelib", "Corelib\Corelib.csproj", "{0E55445D-AF0B-4374-A510-534D8CA95C42}"
EndProject
Project("{FAE04EC0-301F-11D3-BF4B-00C04F79EFBC}") = "Test", "Test\Test.csproj", "{C567A677-D086-4CC7-9215-B81E64A7C551}"
EndProject
Global
	GlobalSection(SolutionConfigurationPlatforms) = preSolution
		Debug|Any CPU = Debug|Any CPU
		Release|Any CPU = Release|Any CPU
	EndGlobalSection
	GlobalSection(ProjectConfigurationPlatforms) = postSolution
		{0E55445D-AF0B-4374-A510-534D8CA95C42}.Debug|Any CPU.ActiveCfg = Debug|Any CPU
		{0E55445D-AF0B-4374-A510-534D8CA95C42}.Debug|Any CPU.Build.0 = Debug|Any CPU
		{0E55445D-AF0B-4374-A510-534D8CA95C42}.Release|Any CPU.ActiveCfg = Release|Any CPU
		{0E55445D-AF0B-4374-A510-534D8CA95C42}.Release|Any CPU.Build.0 = Release|Any CPU
		{C567A677-D086-4CC7-9215-B81E64A7C551}.Debug|Any CPU.ActiveCfg = Debug|Any CPU
		{C567A677-D086-4CC7-9215-B81E64A7C551}.Debug|Any CPU.Build.0 = Debug|Any CPU
		{C567A677-D086-4CC7-9215-B81E64A7C551}.Release|Any CPU.ActiveCfg = Release|Any CPU
		{C567A677-D086-4CC7-9215-B81E64A7C551}.Release|Any CPU.Build.0 = Release|Any CPU
	EndGlobalSection
EndGlobal
